
Microsoft Visual Studio Solution File, Format Version 12.00
# Visual Studio Version 17
VisualStudioVersion = 17.5.002.0
MinimumVisualStudioVersion = 10.0.40219.1
Project("{9A19103F-16F7-4668-BE54-9A1E7A4F7556}") = "dsstats.sc2arcade.console", "dsstats.sc2arcade.console.csproj", "{2D7348F2-5FF4-49C0-BB63-E646F676655D}"
EndProject
Global
	GlobalSection(SolutionConfigurationPlatforms) = preSolution
		Debug|Any CPU = Debug|Any CPU
		Release|Any CPU = Release|Any CPU
	EndGlobalSection
	GlobalSection(ProjectConfigurationPlatforms) = postSolution
		{2D7348F2-5FF4-49C0-BB63-E646F676655D}.Debug|Any CPU.ActiveCfg = Debug|Any CPU
		{2D7348F2-5FF4-49C0-BB63-E646F676655D}.Debug|Any CPU.Build.0 = Debug|Any CPU
		{2D7348F2-5FF4-49C0-BB63-E646F676655D}.Release|Any CPU.ActiveCfg = Release|Any CPU
		{2D7348F2-5FF4-49C0-BB63-E646F676655D}.Release|Any CPU.Build.0 = Release|Any CPU
	EndGlobalSection
	GlobalSection(SolutionProperties) = preSolution
		HideSolutionNode = FALSE
	EndGlobalSection
	GlobalSection(ExtensibilityGlobals) = postSolution
		SolutionGuid = {3B22D2EC-EB5E-4E15-AA56-473E1A5370B1}
	EndGlobalSection
EndGlobal
