<Solution>
  <Project Path="../common/dsstats.parser/dsstats.parser.csproj" />
  <Project Path="../common/dsstats.shared/dsstats.shared.csproj" />
  <Project Path="../server/dsstats.db/dsstats.db.csproj" />
  <Project Path="../server/dsstats.dbServices/dsstats.dbServices.csproj" />
  <Project Path="../server/dsstats.migrations.sqlite/dsstats.migrations.sqlite.csproj" />
  <Project Path="dsstats.installer/dsstats.installer.wixproj" Type="b7dd6f7e-def8-4e67-b5b7-07ef123db6f0" />
  <Project Path="dsstats.service/dsstats.service.csproj" />
</Solution>
