
Microsoft Visual Studio Solution File, Format Version 12.00
# Visual Studio Version 17
VisualStudioVersion = 17.5.002.0
MinimumVisualStudioVersion = 10.0.40219.1
Project("{9A19103F-16F7-4668-BE54-9A1E7A4F7556}") = "dsstats.db8services", "dsstats.db8services.csproj", "{80BB402B-8AB8-4A84-A967-DF59F4945ACE}"
EndProject
Global
	GlobalSection(SolutionConfigurationPlatforms) = preSolution
		Debug|Any CPU = Debug|Any CPU
		Release|Any CPU = Release|Any CPU
	EndGlobalSection
	GlobalSection(ProjectConfigurationPlatforms) = postSolution
		{80BB402B-8AB8-4A84-A967-DF59F4945ACE}.Debug|Any CPU.ActiveCfg = Debug|Any CPU
		{80BB402B-8AB8-4A84-A967-DF59F4945ACE}.Debug|Any CPU.Build.0 = Debug|Any CPU
		{80BB402B-8AB8-4A84-A967-DF59F4945ACE}.Release|Any CPU.ActiveCfg = Release|Any CPU
		{80BB402B-8AB8-4A84-A967-DF59F4945ACE}.Release|Any CPU.Build.0 = Release|Any CPU
	EndGlobalSection
	GlobalSection(SolutionProperties) = preSolution
		HideSolutionNode = FALSE
	EndGlobalSection
	GlobalSection(ExtensibilityGlobals) = postSolution
		SolutionGuid = {2C8035F5-D947-4829-854C-EACA403AB741}
	EndGlobalSection
EndGlobal
