
Microsoft Visual Studio Solution File, Format Version 12.00
# Visual Studio Version 17
VisualStudioVersion = 17.0.31611.283
MinimumVisualStudioVersion = 10.0.40219.1
Project("{9A19103F-16F7-4668-BE54-9A1E7A4F7556}") = "sc2dsstats.maui", "sc2dsstats.maui.csproj", "{AEEA0113-4998-409E-908B-6EA6C99E2421}"
EndProject
Project("{9A19103F-16F7-4668-BE54-9A1E7A4F7556}") = "pax.dsstats.dbng", "..\pax.dsstats.dbng\pax.dsstats.dbng.csproj", "{C17C4F9E-F99D-4A3C-918E-13EB21D6D2EB}"
EndProject
Project("{9A19103F-16F7-4668-BE54-9A1E7A4F7556}") = "pax.dsstats.shared", "..\pax.dsstats.shared\pax.dsstats.shared.csproj", "{2AFECF9C-EB7B-4E0E-9FD6-02EBA56DAB4A}"
EndProject
Project("{9A19103F-16F7-4668-BE54-9A1E7A4F7556}") = "pax.dsstats.parser", "..\pax.dsstats.parser\pax.dsstats.parser.csproj", "{F1201205-6B84-43B9-BE4C-EEA1E9A6BB83}"
EndProject
Project("{9A19103F-16F7-4668-BE54-9A1E7A4F7556}") = "SqliteMigrations", "..\SqliteMigrations\SqliteMigrations.csproj", "{943C4C2E-60B8-48AB-BBDA-DC2228F1071E}"
EndProject
Project("{9A19103F-16F7-4668-BE54-9A1E7A4F7556}") = "sc2dsstats.razorlib", "..\sc2dsstats.razorlib\sc2dsstats.razorlib.csproj", "{2F5378B6-4BC2-4D98-92B3-76C010139A84}"
EndProject
Project("{9A19103F-16F7-4668-BE54-9A1E7A4F7556}") = "dsstats.maui.tests", "..\dsstats.maui.tests\dsstats.maui.tests.csproj", "{9B9951B2-424C-4B5A-B85A-8D842CCCFBEE}"
EndProject
Project("{9A19103F-16F7-4668-BE54-9A1E7A4F7556}") = "dsstats.mmr", "..\dsstats.mmr\dsstats.mmr.csproj", "{659A13B2-2514-4C94-B238-C71C04B7D621}"
EndProject
Global
	GlobalSection(SolutionConfigurationPlatforms) = preSolution
		Debug|Any CPU = Debug|Any CPU
		Release|Any CPU = Release|Any CPU
	EndGlobalSection
	GlobalSection(ProjectConfigurationPlatforms) = postSolution
		{AEEA0113-4998-409E-908B-6EA6C99E2421}.Debug|Any CPU.ActiveCfg = Debug|Any CPU
		{AEEA0113-4998-409E-908B-6EA6C99E2421}.Debug|Any CPU.Build.0 = Debug|Any CPU
		{AEEA0113-4998-409E-908B-6EA6C99E2421}.Debug|Any CPU.Deploy.0 = Debug|Any CPU
		{AEEA0113-4998-409E-908B-6EA6C99E2421}.Release|Any CPU.ActiveCfg = Release|Any CPU
		{AEEA0113-4998-409E-908B-6EA6C99E2421}.Release|Any CPU.Build.0 = Release|Any CPU
		{AEEA0113-4998-409E-908B-6EA6C99E2421}.Release|Any CPU.Deploy.0 = Release|Any CPU
		{C17C4F9E-F99D-4A3C-918E-13EB21D6D2EB}.Debug|Any CPU.ActiveCfg = Debug|Any CPU
		{C17C4F9E-F99D-4A3C-918E-13EB21D6D2EB}.Debug|Any CPU.Build.0 = Debug|Any CPU
		{C17C4F9E-F99D-4A3C-918E-13EB21D6D2EB}.Release|Any CPU.ActiveCfg = Release|Any CPU
		{C17C4F9E-F99D-4A3C-918E-13EB21D6D2EB}.Release|Any CPU.Build.0 = Release|Any CPU
		{2AFECF9C-EB7B-4E0E-9FD6-02EBA56DAB4A}.Debug|Any CPU.ActiveCfg = Debug|Any CPU
		{2AFECF9C-EB7B-4E0E-9FD6-02EBA56DAB4A}.Debug|Any CPU.Build.0 = Debug|Any CPU
		{2AFECF9C-EB7B-4E0E-9FD6-02EBA56DAB4A}.Release|Any CPU.ActiveCfg = Release|Any CPU
		{2AFECF9C-EB7B-4E0E-9FD6-02EBA56DAB4A}.Release|Any CPU.Build.0 = Release|Any CPU
		{F1201205-6B84-43B9-BE4C-EEA1E9A6BB83}.Debug|Any CPU.ActiveCfg = Debug|Any CPU
		{F1201205-6B84-43B9-BE4C-EEA1E9A6BB83}.Debug|Any CPU.Build.0 = Debug|Any CPU
		{F1201205-6B84-43B9-BE4C-EEA1E9A6BB83}.Release|Any CPU.ActiveCfg = Release|Any CPU
		{F1201205-6B84-43B9-BE4C-EEA1E9A6BB83}.Release|Any CPU.Build.0 = Release|Any CPU
		{943C4C2E-60B8-48AB-BBDA-DC2228F1071E}.Debug|Any CPU.ActiveCfg = Debug|Any CPU
		{943C4C2E-60B8-48AB-BBDA-DC2228F1071E}.Debug|Any CPU.Build.0 = Debug|Any CPU
		{943C4C2E-60B8-48AB-BBDA-DC2228F1071E}.Release|Any CPU.ActiveCfg = Release|Any CPU
		{943C4C2E-60B8-48AB-BBDA-DC2228F1071E}.Release|Any CPU.Build.0 = Release|Any CPU
		{2F5378B6-4BC2-4D98-92B3-76C010139A84}.Debug|Any CPU.ActiveCfg = Debug|Any CPU
		{2F5378B6-4BC2-4D98-92B3-76C010139A84}.Debug|Any CPU.Build.0 = Debug|Any CPU
		{2F5378B6-4BC2-4D98-92B3-76C010139A84}.Release|Any CPU.ActiveCfg = Release|Any CPU
		{2F5378B6-4BC2-4D98-92B3-76C010139A84}.Release|Any CPU.Build.0 = Release|Any CPU
		{9B9951B2-424C-4B5A-B85A-8D842CCCFBEE}.Debug|Any CPU.ActiveCfg = Debug|Any CPU
		{9B9951B2-424C-4B5A-B85A-8D842CCCFBEE}.Debug|Any CPU.Build.0 = Debug|Any CPU
		{9B9951B2-424C-4B5A-B85A-8D842CCCFBEE}.Release|Any CPU.ActiveCfg = Release|Any CPU
		{9B9951B2-424C-4B5A-B85A-8D842CCCFBEE}.Release|Any CPU.Build.0 = Release|Any CPU
		{659A13B2-2514-4C94-B238-C71C04B7D621}.Debug|Any CPU.ActiveCfg = Debug|Any CPU
		{659A13B2-2514-4C94-B238-C71C04B7D621}.Debug|Any CPU.Build.0 = Debug|Any CPU
		{659A13B2-2514-4C94-B238-C71C04B7D621}.Release|Any CPU.ActiveCfg = Release|Any CPU
		{659A13B2-2514-4C94-B238-C71C04B7D621}.Release|Any CPU.Build.0 = Release|Any CPU
	EndGlobalSection
	GlobalSection(SolutionProperties) = preSolution
		HideSolutionNode = FALSE
	EndGlobalSection
	GlobalSection(ExtensibilityGlobals) = postSolution
		SolutionGuid = {E5B426F3-631A-44AF-9904-AF1F5EBDC7FF}
	EndGlobalSection
EndGlobal
