
Microsoft Visual Studio Solution File, Format Version 12.00
# Visual Studio Version 17
VisualStudioVersion = 17.5.002.0
MinimumVisualStudioVersion = 10.0.40219.1
Project("{9A19103F-16F7-4668-BE54-9A1E7A4F7556}") = "dsstats.cli", "dsstats.cli.csproj", "{588E8B92-B35F-4620-BCE8-0F559B72B3A2}"
EndProject
Global
	GlobalSection(SolutionConfigurationPlatforms) = preSolution
		Debug|Any CPU = Debug|Any CPU
		Release|Any CPU = Release|Any CPU
	EndGlobalSection
	GlobalSection(ProjectConfigurationPlatforms) = postSolution
		{588E8B92-B35F-4620-BCE8-0F559B72B3A2}.Debug|Any CPU.ActiveCfg = Debug|Any CPU
		{588E8B92-B35F-4620-BCE8-0F559B72B3A2}.Debug|Any CPU.Build.0 = Debug|Any CPU
		{588E8B92-B35F-4620-BCE8-0F559B72B3A2}.Release|Any CPU.ActiveCfg = Release|Any CPU
		{588E8B92-B35F-4620-BCE8-0F559B72B3A2}.Release|Any CPU.Build.0 = Release|Any CPU
	EndGlobalSection
	GlobalSection(SolutionProperties) = preSolution
		HideSolutionNode = FALSE
	EndGlobalSection
	GlobalSection(ExtensibilityGlobals) = postSolution
		SolutionGuid = {83BF7C14-B428-48DC-A46C-8B6D52E4192D}
	EndGlobalSection
EndGlobal
