Microsoft Visual Studio Solution File, Format Version 12.00
# Visual Studio Version 17
VisualStudioVersion = 17.5.2.0
MinimumVisualStudioVersion = 10.0.40219.1
Project("{FAE04EC0-301F-11D3-BF4B-00C04F79EFBC}") = "dsstats.db", "dsstats.db.csproj", "{AE382BC9-B4BA-147D-3495-5DEDC53C3664}"
EndProject
Global
	GlobalSection(SolutionConfigurationPlatforms) = preSolution
		Debug|Any CPU = Debug|Any CPU
		Release|Any CPU = Release|Any CPU
	EndGlobalSection
	GlobalSection(ProjectConfigurationPlatforms) = postSolution
		{AE382BC9-B4BA-147D-3495-5DEDC53C3664}.Debug|Any CPU.ActiveCfg = Debug|Any CPU
		{AE382BC9-B4BA-147D-3495-5DEDC53C3664}.Debug|Any CPU.Build.0 = Debug|Any CPU
		{AE382BC9-B4BA-147D-3495-5DEDC53C3664}.Release|Any CPU.ActiveCfg = Release|Any CPU
		{AE382BC9-B4BA-147D-3495-5DEDC53C3664}.Release|Any CPU.Build.0 = Release|Any CPU
	EndGlobalSection
	GlobalSection(SolutionProperties) = preSolution
		HideSolutionNode = FALSE
	EndGlobalSection
	GlobalSection(ExtensibilityGlobals) = postSolution
		SolutionGuid = {28718E34-DC4C-4E8F-8A26-52C876489B1B}
	EndGlobalSection
EndGlobal
