
Microsoft Visual Studio Solution File, Format Version 12.00
# Visual Studio Version 17
VisualStudioVersion = 17.5.002.0
MinimumVisualStudioVersion = 10.0.40219.1
Project("{9A19103F-16F7-4668-BE54-9A1E7A4F7556}") = "dsstats.db8", "dsstats.db8.csproj", "{47F6B4B4-59A6-432D-B532-BB397E3B9E3F}"
EndProject
Global
	GlobalSection(SolutionConfigurationPlatforms) = preSolution
		Debug|Any CPU = Debug|Any CPU
		Release|Any CPU = Release|Any CPU
	EndGlobalSection
	GlobalSection(ProjectConfigurationPlatforms) = postSolution
		{47F6B4B4-59A6-432D-B532-BB397E3B9E3F}.Debug|Any CPU.ActiveCfg = Debug|Any CPU
		{47F6B4B4-59A6-432D-B532-BB397E3B9E3F}.Debug|Any CPU.Build.0 = Debug|Any CPU
		{47F6B4B4-59A6-432D-B532-BB397E3B9E3F}.Release|Any CPU.ActiveCfg = Release|Any CPU
		{47F6B4B4-59A6-432D-B532-BB397E3B9E3F}.Release|Any CPU.Build.0 = Release|Any CPU
	EndGlobalSection
	GlobalSection(SolutionProperties) = preSolution
		HideSolutionNode = FALSE
	EndGlobalSection
	GlobalSection(ExtensibilityGlobals) = postSolution
		SolutionGuid = {C3291B92-CB5C-4AE9-A52B-21A9F63D3A23}
	EndGlobalSection
EndGlobal
