
Microsoft Visual Studio Solution File, Format Version 12.00
# Visual Studio Version 17
VisualStudioVersion = 17.5.002.0
MinimumVisualStudioVersion = 10.0.40219.1
Project("{9A19103F-16F7-4668-BE54-9A1E7A4F7556}") = "dsstats.mmr", "dsstats.mmr.csproj", "{CF4F5E6A-81C2-49EA-9913-509EFBEE9ABC}"
EndProject
Global
	GlobalSection(SolutionConfigurationPlatforms) = preSolution
		Debug|Any CPU = Debug|Any CPU
		Release|Any CPU = Release|Any CPU
	EndGlobalSection
	GlobalSection(ProjectConfigurationPlatforms) = postSolution
		{CF4F5E6A-81C2-49EA-9913-509EFBEE9ABC}.Debug|Any CPU.ActiveCfg = Debug|Any CPU
		{CF4F5E6A-81C2-49EA-9913-509EFBEE9ABC}.Debug|Any CPU.Build.0 = Debug|Any CPU
		{CF4F5E6A-81C2-49EA-9913-509EFBEE9ABC}.Release|Any CPU.ActiveCfg = Release|Any CPU
		{CF4F5E6A-81C2-49EA-9913-509EFBEE9ABC}.Release|Any CPU.Build.0 = Release|Any CPU
	EndGlobalSection
	GlobalSection(SolutionProperties) = preSolution
		HideSolutionNode = FALSE
	EndGlobalSection
	GlobalSection(ExtensibilityGlobals) = postSolution
		SolutionGuid = {67FB34FA-D043-4951-91DF-AE338F71CA24}
	EndGlobalSection
EndGlobal
