
Microsoft Visual Studio Solution File, Format Version 12.00
# Visual Studio Version 17
VisualStudioVersion = 17.5.002.0
MinimumVisualStudioVersion = 10.0.40219.1
Project("{9A19103F-16F7-4668-BE54-9A1E7A4F7556}") = "dsstats.razorlib", "dsstats.razorlib.csproj", "{6823753A-36C8-4E01-83A5-B40509F0BF64}"
EndProject
Global
	GlobalSection(SolutionConfigurationPlatforms) = preSolution
		Debug|Any CPU = Debug|Any CPU
		Release|Any CPU = Release|Any CPU
	EndGlobalSection
	GlobalSection(ProjectConfigurationPlatforms) = postSolution
		{6823753A-36C8-4E01-83A5-B40509F0BF64}.Debug|Any CPU.ActiveCfg = Debug|Any CPU
		{6823753A-36C8-4E01-83A5-B40509F0BF64}.Debug|Any CPU.Build.0 = Debug|Any CPU
		{6823753A-36C8-4E01-83A5-B40509F0BF64}.Release|Any CPU.ActiveCfg = Release|Any CPU
		{6823753A-36C8-4E01-83A5-B40509F0BF64}.Release|Any CPU.Build.0 = Release|Any CPU
	EndGlobalSection
	GlobalSection(SolutionProperties) = preSolution
		HideSolutionNode = FALSE
	EndGlobalSection
	GlobalSection(ExtensibilityGlobals) = postSolution
		SolutionGuid = {48638C35-3A15-4266-8DAF-4CF32AE084C6}
	EndGlobalSection
EndGlobal
