Microsoft Visual Studio Solution File, Format Version 12.00
# Visual Studio Version 17
VisualStudioVersion = 17.5.2.0
MinimumVisualStudioVersion = 10.0.40219.1
Project("{FAE04EC0-301F-11D3-BF4B-00C04F79EFBC}") = "dsstats.locBuilder", "dsstats.locBuilder.csproj", "{3F2EE4D6-1469-F7DA-1B07-90EA8E758571}"
EndProject
Global
	GlobalSection(SolutionConfigurationPlatforms) = preSolution
		Debug|Any CPU = Debug|Any CPU
		Release|Any CPU = Release|Any CPU
	EndGlobalSection
	GlobalSection(ProjectConfigurationPlatforms) = postSolution
		{3F2EE4D6-1469-F7DA-1B07-90EA8E758571}.Debug|Any CPU.ActiveCfg = Debug|Any CPU
		{3F2EE4D6-1469-F7DA-1B07-90EA8E758571}.Debug|Any CPU.Build.0 = Debug|Any CPU
		{3F2EE4D6-1469-F7DA-1B07-90EA8E758571}.Release|Any CPU.ActiveCfg = Release|Any CPU
		{3F2EE4D6-1469-F7DA-1B07-90EA8E758571}.Release|Any CPU.Build.0 = Release|Any CPU
	EndGlobalSection
	GlobalSection(SolutionProperties) = preSolution
		HideSolutionNode = FALSE
	EndGlobalSection
	GlobalSection(ExtensibilityGlobals) = postSolution
		SolutionGuid = {457BDEF4-72B9-4E50-9998-DC8C5B5D8044}
	EndGlobalSection
EndGlobal
