
Microsoft Visual Studio Solution File, Format Version 12.00
# Visual Studio Version 17
VisualStudioVersion = 17.8.34309.116
MinimumVisualStudioVersion = 10.0.40219.1
Project("{9A19103F-16F7-4668-BE54-9A1E7A4F7556}") = "dsstats.maui8", "dsstats.maui8\dsstats.maui8.csproj", "{02C83A7A-D675-4528-8BA0-BBA7AACA1F66}"
EndProject
Project("{9A19103F-16F7-4668-BE54-9A1E7A4F7556}") = "pax.dsstats.parser", "pax.dsstats.parser\pax.dsstats.parser.csproj", "{DDCFF0AE-4C9A-4B12-AE0A-3CDE226D33CB}"
EndProject
Project("{9A19103F-16F7-4668-BE54-9A1E7A4F7556}") = "SqliteMigrations", "SqliteMigrations\SqliteMigrations.csproj", "{515AA4C6-8176-4159-B3E4-0BD1ACB01AB0}"
EndProject
Project("{9A19103F-16F7-4668-BE54-9A1E7A4F7556}") = "dsstats.db8", "..\dsstats.db8\dsstats.db8.csproj", "{E3B238EF-8DDA-4A2C-B300-53E19576FB0C}"
EndProject
Project("{9A19103F-16F7-4668-BE54-9A1E7A4F7556}") = "dsstats.db8services", "..\dsstats.db8services\dsstats.db8services.csproj", "{88824B4C-2182-469C-8914-E138E262F9C7}"
EndProject
Project("{9A19103F-16F7-4668-BE54-9A1E7A4F7556}") = "dsstats.apiServices", "..\dsstats.apiServices\dsstats.apiServices.csproj", "{406DD176-BAC4-40AB-8DFA-9CCB36D321DB}"
EndProject
Project("{9A19103F-16F7-4668-BE54-9A1E7A4F7556}") = "dsstats.ratings.lib", "..\dsstats.ratings.lib\dsstats.ratings.lib.csproj", "{A29C9D5B-F38D-4ECF-842E-A89BD39F1B3A}"
EndProject
Project("{9A19103F-16F7-4668-BE54-9A1E7A4F7556}") = "dsstats.ratings", "..\dsstats.ratings\dsstats.ratings.csproj", "{91D1EEA9-6022-4F63-919C-6B8ED0AE1446}"
EndProject
Project("{9A19103F-16F7-4668-BE54-9A1E7A4F7556}") = "dsstats.razorlib", "..\dsstats.razorlib\dsstats.razorlib.csproj", "{DA586061-640A-4EE5-9167-36FA57C6FAA3}"
EndProject
Project("{9A19103F-16F7-4668-BE54-9A1E7A4F7556}") = "dsstats.shared", "..\dsstats.shared\dsstats.shared.csproj", "{8D453C5C-B6CE-4BAA-A826-FF022077437C}"
EndProject
Project("{9A19103F-16F7-4668-BE54-9A1E7A4F7556}") = "dsstats.localization", "dsstats.localization\dsstats.localization.csproj", "{E7E7891C-1CD8-4CA1-AA9E-B427A5AFCF5C}"
EndProject
Global
	GlobalSection(SolutionConfigurationPlatforms) = preSolution
		Debug|Any CPU = Debug|Any CPU
		Release|Any CPU = Release|Any CPU
	EndGlobalSection
	GlobalSection(ProjectConfigurationPlatforms) = postSolution
		{02C83A7A-D675-4528-8BA0-BBA7AACA1F66}.Debug|Any CPU.ActiveCfg = Debug|Any CPU
		{02C83A7A-D675-4528-8BA0-BBA7AACA1F66}.Debug|Any CPU.Build.0 = Debug|Any CPU
		{02C83A7A-D675-4528-8BA0-BBA7AACA1F66}.Debug|Any CPU.Deploy.0 = Debug|Any CPU
		{02C83A7A-D675-4528-8BA0-BBA7AACA1F66}.Release|Any CPU.ActiveCfg = Release|Any CPU
		{02C83A7A-D675-4528-8BA0-BBA7AACA1F66}.Release|Any CPU.Build.0 = Release|Any CPU
		{02C83A7A-D675-4528-8BA0-BBA7AACA1F66}.Release|Any CPU.Deploy.0 = Release|Any CPU
		{DDCFF0AE-4C9A-4B12-AE0A-3CDE226D33CB}.Debug|Any CPU.ActiveCfg = Debug|Any CPU
		{DDCFF0AE-4C9A-4B12-AE0A-3CDE226D33CB}.Debug|Any CPU.Build.0 = Debug|Any CPU
		{DDCFF0AE-4C9A-4B12-AE0A-3CDE226D33CB}.Release|Any CPU.ActiveCfg = Release|Any CPU
		{DDCFF0AE-4C9A-4B12-AE0A-3CDE226D33CB}.Release|Any CPU.Build.0 = Release|Any CPU
		{515AA4C6-8176-4159-B3E4-0BD1ACB01AB0}.Debug|Any CPU.ActiveCfg = Debug|Any CPU
		{515AA4C6-8176-4159-B3E4-0BD1ACB01AB0}.Debug|Any CPU.Build.0 = Debug|Any CPU
		{515AA4C6-8176-4159-B3E4-0BD1ACB01AB0}.Release|Any CPU.ActiveCfg = Release|Any CPU
		{515AA4C6-8176-4159-B3E4-0BD1ACB01AB0}.Release|Any CPU.Build.0 = Release|Any CPU
		{E3B238EF-8DDA-4A2C-B300-53E19576FB0C}.Debug|Any CPU.ActiveCfg = Debug|Any CPU
		{E3B238EF-8DDA-4A2C-B300-53E19576FB0C}.Debug|Any CPU.Build.0 = Debug|Any CPU
		{E3B238EF-8DDA-4A2C-B300-53E19576FB0C}.Release|Any CPU.ActiveCfg = Release|Any CPU
		{E3B238EF-8DDA-4A2C-B300-53E19576FB0C}.Release|Any CPU.Build.0 = Release|Any CPU
		{88824B4C-2182-469C-8914-E138E262F9C7}.Debug|Any CPU.ActiveCfg = Debug|Any CPU
		{88824B4C-2182-469C-8914-E138E262F9C7}.Debug|Any CPU.Build.0 = Debug|Any CPU
		{88824B4C-2182-469C-8914-E138E262F9C7}.Release|Any CPU.ActiveCfg = Release|Any CPU
		{88824B4C-2182-469C-8914-E138E262F9C7}.Release|Any CPU.Build.0 = Release|Any CPU
		{406DD176-BAC4-40AB-8DFA-9CCB36D321DB}.Debug|Any CPU.ActiveCfg = Debug|Any CPU
		{406DD176-BAC4-40AB-8DFA-9CCB36D321DB}.Debug|Any CPU.Build.0 = Debug|Any CPU
		{406DD176-BAC4-40AB-8DFA-9CCB36D321DB}.Release|Any CPU.ActiveCfg = Release|Any CPU
		{406DD176-BAC4-40AB-8DFA-9CCB36D321DB}.Release|Any CPU.Build.0 = Release|Any CPU
		{A29C9D5B-F38D-4ECF-842E-A89BD39F1B3A}.Debug|Any CPU.ActiveCfg = Debug|Any CPU
		{A29C9D5B-F38D-4ECF-842E-A89BD39F1B3A}.Debug|Any CPU.Build.0 = Debug|Any CPU
		{A29C9D5B-F38D-4ECF-842E-A89BD39F1B3A}.Release|Any CPU.ActiveCfg = Release|Any CPU
		{A29C9D5B-F38D-4ECF-842E-A89BD39F1B3A}.Release|Any CPU.Build.0 = Release|Any CPU
		{91D1EEA9-6022-4F63-919C-6B8ED0AE1446}.Debug|Any CPU.ActiveCfg = Debug|Any CPU
		{91D1EEA9-6022-4F63-919C-6B8ED0AE1446}.Debug|Any CPU.Build.0 = Debug|Any CPU
		{91D1EEA9-6022-4F63-919C-6B8ED0AE1446}.Release|Any CPU.ActiveCfg = Release|Any CPU
		{91D1EEA9-6022-4F63-919C-6B8ED0AE1446}.Release|Any CPU.Build.0 = Release|Any CPU
		{DA586061-640A-4EE5-9167-36FA57C6FAA3}.Debug|Any CPU.ActiveCfg = Debug|Any CPU
		{DA586061-640A-4EE5-9167-36FA57C6FAA3}.Debug|Any CPU.Build.0 = Debug|Any CPU
		{DA586061-640A-4EE5-9167-36FA57C6FAA3}.Release|Any CPU.ActiveCfg = Release|Any CPU
		{DA586061-640A-4EE5-9167-36FA57C6FAA3}.Release|Any CPU.Build.0 = Release|Any CPU
		{8D453C5C-B6CE-4BAA-A826-FF022077437C}.Debug|Any CPU.ActiveCfg = Debug|Any CPU
		{8D453C5C-B6CE-4BAA-A826-FF022077437C}.Debug|Any CPU.Build.0 = Debug|Any CPU
		{8D453C5C-B6CE-4BAA-A826-FF022077437C}.Release|Any CPU.ActiveCfg = Release|Any CPU
		{8D453C5C-B6CE-4BAA-A826-FF022077437C}.Release|Any CPU.Build.0 = Release|Any CPU
		{E7E7891C-1CD8-4CA1-AA9E-B427A5AFCF5C}.Debug|Any CPU.ActiveCfg = Debug|Any CPU
		{E7E7891C-1CD8-4CA1-AA9E-B427A5AFCF5C}.Debug|Any CPU.Build.0 = Debug|Any CPU
		{E7E7891C-1CD8-4CA1-AA9E-B427A5AFCF5C}.Release|Any CPU.ActiveCfg = Release|Any CPU
		{E7E7891C-1CD8-4CA1-AA9E-B427A5AFCF5C}.Release|Any CPU.Build.0 = Release|Any CPU
	EndGlobalSection
	GlobalSection(SolutionProperties) = preSolution
		HideSolutionNode = FALSE
	EndGlobalSection
	GlobalSection(ExtensibilityGlobals) = postSolution
		SolutionGuid = {316E4C06-56FA-48CA-A622-F3387D8C44AE}
	EndGlobalSection
EndGlobal
