
Microsoft Visual Studio Solution File, Format Version 12.00
# Visual Studio Version 17
VisualStudioVersion = 17.0.31903.59
MinimumVisualStudioVersion = 10.0.40219.1
Project("{9A19103F-16F7-4668-BE54-9A1E7A4F7556}") = "dsstats.db", "dsstats.db\dsstats.db.csproj", "{05B68335-A37C-40E0-BED9-4E5C11E762FC}"
EndProject
Project("{9A19103F-16F7-4668-BE54-9A1E7A4F7556}") = "dsstats.cli", "dsstats.cli\dsstats.cli.csproj", "{82282257-4FAF-4FB4-959A-1DD269E388A2}"
EndProject
Project("{9A19103F-16F7-4668-BE54-9A1E7A4F7556}") = "dsstats.shared", "dsstats.shared\dsstats.shared.csproj", "{E268E04C-ACCC-4866-B936-010BF21CCE7C}"
EndProject
Project("{9A19103F-16F7-4668-BE54-9A1E7A4F7556}") = "dsstats.services", "dsstats.services\dsstats.services.csproj", "{098FE8B7-8A66-4406-BFB9-23355B72CE26}"
EndProject
Project("{9A19103F-16F7-4668-BE54-9A1E7A4F7556}") = "MysqlMigrations", "MysqlMigrations\MysqlMigrations.csproj", "{9E9B942B-65D2-4E5A-AE7B-0FF0F65687D8}"
EndProject
Project("{9A19103F-16F7-4668-BE54-9A1E7A4F7556}") = "dsstats.razorlib", "dsstats.razorlib\dsstats.razorlib.csproj", "{478BA63F-1D8A-46D8-B244-6CFCEA93B44B}"
EndProject
Project("{2150E333-8FDC-42A3-9474-1A3956D46DE8}") = "dsstats.web", "dsstats.web", "{AAA409F5-3ACD-44D6-B1B0-B5750B279BD3}"
EndProject
Project("{9A19103F-16F7-4668-BE54-9A1E7A4F7556}") = "dsstats.web", "dsstats.web\dsstats.web\dsstats.web.csproj", "{810B7F2C-47B1-4E18-A3D8-387A2F2DE0A9}"
EndProject
Project("{9A19103F-16F7-4668-BE54-9A1E7A4F7556}") = "dsstats.web.Client", "dsstats.web\dsstats.web.Client\dsstats.web.Client.csproj", "{84C9EED6-F3BD-4382-BE17-E8FA2FB7172F}"
EndProject
Project("{9A19103F-16F7-4668-BE54-9A1E7A4F7556}") = "pax.BlazorChartJs", "..\..\pax.BlazorChartJs\src\pax.BlazorChartJs\pax.BlazorChartJs.csproj", "{3C286E14-7C0A-4529-AE51-11CE8A9327E6}"
EndProject
Global
	GlobalSection(SolutionConfigurationPlatforms) = preSolution
		Debug|Any CPU = Debug|Any CPU
		Release|Any CPU = Release|Any CPU
	EndGlobalSection
	GlobalSection(ProjectConfigurationPlatforms) = postSolution
		{05B68335-A37C-40E0-BED9-4E5C11E762FC}.Debug|Any CPU.ActiveCfg = Debug|Any CPU
		{05B68335-A37C-40E0-BED9-4E5C11E762FC}.Debug|Any CPU.Build.0 = Debug|Any CPU
		{05B68335-A37C-40E0-BED9-4E5C11E762FC}.Release|Any CPU.ActiveCfg = Release|Any CPU
		{05B68335-A37C-40E0-BED9-4E5C11E762FC}.Release|Any CPU.Build.0 = Release|Any CPU
		{82282257-4FAF-4FB4-959A-1DD269E388A2}.Debug|Any CPU.ActiveCfg = Debug|Any CPU
		{82282257-4FAF-4FB4-959A-1DD269E388A2}.Debug|Any CPU.Build.0 = Debug|Any CPU
		{82282257-4FAF-4FB4-959A-1DD269E388A2}.Release|Any CPU.ActiveCfg = Release|Any CPU
		{82282257-4FAF-4FB4-959A-1DD269E388A2}.Release|Any CPU.Build.0 = Release|Any CPU
		{E268E04C-ACCC-4866-B936-010BF21CCE7C}.Debug|Any CPU.ActiveCfg = Debug|Any CPU
		{E268E04C-ACCC-4866-B936-010BF21CCE7C}.Debug|Any CPU.Build.0 = Debug|Any CPU
		{E268E04C-ACCC-4866-B936-010BF21CCE7C}.Release|Any CPU.ActiveCfg = Release|Any CPU
		{E268E04C-ACCC-4866-B936-010BF21CCE7C}.Release|Any CPU.Build.0 = Release|Any CPU
		{098FE8B7-8A66-4406-BFB9-23355B72CE26}.Debug|Any CPU.ActiveCfg = Debug|Any CPU
		{098FE8B7-8A66-4406-BFB9-23355B72CE26}.Debug|Any CPU.Build.0 = Debug|Any CPU
		{098FE8B7-8A66-4406-BFB9-23355B72CE26}.Release|Any CPU.ActiveCfg = Release|Any CPU
		{098FE8B7-8A66-4406-BFB9-23355B72CE26}.Release|Any CPU.Build.0 = Release|Any CPU
		{9E9B942B-65D2-4E5A-AE7B-0FF0F65687D8}.Debug|Any CPU.ActiveCfg = Debug|Any CPU
		{9E9B942B-65D2-4E5A-AE7B-0FF0F65687D8}.Debug|Any CPU.Build.0 = Debug|Any CPU
		{9E9B942B-65D2-4E5A-AE7B-0FF0F65687D8}.Release|Any CPU.ActiveCfg = Release|Any CPU
		{9E9B942B-65D2-4E5A-AE7B-0FF0F65687D8}.Release|Any CPU.Build.0 = Release|Any CPU
		{478BA63F-1D8A-46D8-B244-6CFCEA93B44B}.Debug|Any CPU.ActiveCfg = Debug|Any CPU
		{478BA63F-1D8A-46D8-B244-6CFCEA93B44B}.Debug|Any CPU.Build.0 = Debug|Any CPU
		{478BA63F-1D8A-46D8-B244-6CFCEA93B44B}.Release|Any CPU.ActiveCfg = Release|Any CPU
		{478BA63F-1D8A-46D8-B244-6CFCEA93B44B}.Release|Any CPU.Build.0 = Release|Any CPU
		{810B7F2C-47B1-4E18-A3D8-387A2F2DE0A9}.Debug|Any CPU.ActiveCfg = Debug|Any CPU
		{810B7F2C-47B1-4E18-A3D8-387A2F2DE0A9}.Debug|Any CPU.Build.0 = Debug|Any CPU
		{810B7F2C-47B1-4E18-A3D8-387A2F2DE0A9}.Release|Any CPU.ActiveCfg = Release|Any CPU
		{810B7F2C-47B1-4E18-A3D8-387A2F2DE0A9}.Release|Any CPU.Build.0 = Release|Any CPU
		{84C9EED6-F3BD-4382-BE17-E8FA2FB7172F}.Debug|Any CPU.ActiveCfg = Debug|Any CPU
		{84C9EED6-F3BD-4382-BE17-E8FA2FB7172F}.Debug|Any CPU.Build.0 = Debug|Any CPU
		{84C9EED6-F3BD-4382-BE17-E8FA2FB7172F}.Release|Any CPU.ActiveCfg = Release|Any CPU
		{84C9EED6-F3BD-4382-BE17-E8FA2FB7172F}.Release|Any CPU.Build.0 = Release|Any CPU
		{3C286E14-7C0A-4529-AE51-11CE8A9327E6}.Debug|Any CPU.ActiveCfg = Debug|Any CPU
		{3C286E14-7C0A-4529-AE51-11CE8A9327E6}.Debug|Any CPU.Build.0 = Debug|Any CPU
		{3C286E14-7C0A-4529-AE51-11CE8A9327E6}.Release|Any CPU.ActiveCfg = Release|Any CPU
		{3C286E14-7C0A-4529-AE51-11CE8A9327E6}.Release|Any CPU.Build.0 = Release|Any CPU
	EndGlobalSection
	GlobalSection(SolutionProperties) = preSolution
		HideSolutionNode = FALSE
	EndGlobalSection
	GlobalSection(NestedProjects) = preSolution
		{810B7F2C-47B1-4E18-A3D8-387A2F2DE0A9} = {AAA409F5-3ACD-44D6-B1B0-B5750B279BD3}
		{84C9EED6-F3BD-4382-BE17-E8FA2FB7172F} = {AAA409F5-3ACD-44D6-B1B0-B5750B279BD3}
	EndGlobalSection
	GlobalSection(ExtensibilityGlobals) = postSolution
		SolutionGuid = {823EEFE3-88AE-45C7-8C95-1CE44F15DA57}
	EndGlobalSection
EndGlobal
