Microsoft Visual Studio Solution File, Format Version 12.00
# Visual Studio Version 17
VisualStudioVersion = 17.5.2.0
MinimumVisualStudioVersion = 10.0.40219.1
Project("{FAE04EC0-301F-11D3-BF4B-00C04F79EFBC}") = "dsstats.maui8", "dsstats.maui8.csproj", "{96DBF5BD-55B3-A708-1418-09DB9B2B4D36}"
EndProject
Global
	GlobalSection(SolutionConfigurationPlatforms) = preSolution
		Debug|Any CPU = Debug|Any CPU
		Release|Any CPU = Release|Any CPU
	EndGlobalSection
	GlobalSection(ProjectConfigurationPlatforms) = postSolution
		{96DBF5BD-55B3-A708-1418-09DB9B2B4D36}.Debug|Any CPU.ActiveCfg = Debug|Any CPU
		{96DBF5BD-55B3-A708-1418-09DB9B2B4D36}.Debug|Any CPU.Build.0 = Debug|Any CPU
		{96DBF5BD-55B3-A708-1418-09DB9B2B4D36}.Release|Any CPU.ActiveCfg = Release|Any CPU
		{96DBF5BD-55B3-A708-1418-09DB9B2B4D36}.Release|Any CPU.Build.0 = Release|Any CPU
	EndGlobalSection
	GlobalSection(SolutionProperties) = preSolution
		HideSolutionNode = FALSE
	EndGlobalSection
	GlobalSection(ExtensibilityGlobals) = postSolution
		SolutionGuid = {0670133F-D2CA-41E4-AD80-4ED3247015F8}
	EndGlobalSection
EndGlobal
