
Microsoft Visual Studio Solution File, Format Version 12.00
# Visual Studio Version 17
VisualStudioVersion = 17.5.2.0
MinimumVisualStudioVersion = 10.0.40219.1
Project("{FAE04EC0-301F-11D3-BF4B-00C04F79EFBC}") = "dsstats.parser", "dsstats.parser.csproj", "{E0040812-F40A-4E97-EDAE-FFEA6EAA8685}"
EndProject
Project("{FAE04EC0-301F-11D3-BF4B-00C04F79EFBC}") = "dsstats.parser.tests", "..\..\tests\dsstats.parser.tests\dsstats.parser.tests.csproj", "{4535904E-822A-4DEB-816F-3C9693633172}"
EndProject
Project("{FAE04EC0-301F-11D3-BF4B-00C04F79EFBC}") = "dsstats.shared", "..\dsstats.shared\dsstats.shared.csproj", "{D83C1F94-1FD8-4845-BBAC-CE6D1518F999}"
EndProject
Global
	GlobalSection(SolutionConfigurationPlatforms) = preSolution
		Debug|Any CPU = Debug|Any CPU
		Debug|x64 = Debug|x64
		Debug|x86 = Debug|x86
		Release|Any CPU = Release|Any CPU
		Release|x64 = Release|x64
		Release|x86 = Release|x86
	EndGlobalSection
	GlobalSection(ProjectConfigurationPlatforms) = postSolution
		{E0040812-F40A-4E97-EDAE-FFEA6EAA8685}.Debug|Any CPU.ActiveCfg = Debug|Any CPU
		{E0040812-F40A-4E97-EDAE-FFEA6EAA8685}.Debug|Any CPU.Build.0 = Debug|Any CPU
		{E0040812-F40A-4E97-EDAE-FFEA6EAA8685}.Debug|x64.ActiveCfg = Debug|Any CPU
		{E0040812-F40A-4E97-EDAE-FFEA6EAA8685}.Debug|x64.Build.0 = Debug|Any CPU
		{E0040812-F40A-4E97-EDAE-FFEA6EAA8685}.Debug|x86.ActiveCfg = Debug|Any CPU
		{E0040812-F40A-4E97-EDAE-FFEA6EAA8685}.Debug|x86.Build.0 = Debug|Any CPU
		{E0040812-F40A-4E97-EDAE-FFEA6EAA8685}.Release|Any CPU.ActiveCfg = Release|Any CPU
		{E0040812-F40A-4E97-EDAE-FFEA6EAA8685}.Release|Any CPU.Build.0 = Release|Any CPU
		{E0040812-F40A-4E97-EDAE-FFEA6EAA8685}.Release|x64.ActiveCfg = Release|Any CPU
		{E0040812-F40A-4E97-EDAE-FFEA6EAA8685}.Release|x64.Build.0 = Release|Any CPU
		{E0040812-F40A-4E97-EDAE-FFEA6EAA8685}.Release|x86.ActiveCfg = Release|Any CPU
		{E0040812-F40A-4E97-EDAE-FFEA6EAA8685}.Release|x86.Build.0 = Release|Any CPU
		{4535904E-822A-4DEB-816F-3C9693633172}.Debug|Any CPU.ActiveCfg = Debug|Any CPU
		{4535904E-822A-4DEB-816F-3C9693633172}.Debug|Any CPU.Build.0 = Debug|Any CPU
		{4535904E-822A-4DEB-816F-3C9693633172}.Debug|x64.ActiveCfg = Debug|Any CPU
		{4535904E-822A-4DEB-816F-3C9693633172}.Debug|x64.Build.0 = Debug|Any CPU
		{4535904E-822A-4DEB-816F-3C9693633172}.Debug|x86.ActiveCfg = Debug|Any CPU
		{4535904E-822A-4DEB-816F-3C9693633172}.Debug|x86.Build.0 = Debug|Any CPU
		{4535904E-822A-4DEB-816F-3C9693633172}.Release|Any CPU.ActiveCfg = Release|Any CPU
		{4535904E-822A-4DEB-816F-3C9693633172}.Release|Any CPU.Build.0 = Release|Any CPU
		{4535904E-822A-4DEB-816F-3C9693633172}.Release|x64.ActiveCfg = Release|Any CPU
		{4535904E-822A-4DEB-816F-3C9693633172}.Release|x64.Build.0 = Release|Any CPU
		{4535904E-822A-4DEB-816F-3C9693633172}.Release|x86.ActiveCfg = Release|Any CPU
		{4535904E-822A-4DEB-816F-3C9693633172}.Release|x86.Build.0 = Release|Any CPU
		{D83C1F94-1FD8-4845-BBAC-CE6D1518F999}.Debug|Any CPU.ActiveCfg = Debug|Any CPU
		{D83C1F94-1FD8-4845-BBAC-CE6D1518F999}.Debug|Any CPU.Build.0 = Debug|Any CPU
		{D83C1F94-1FD8-4845-BBAC-CE6D1518F999}.Debug|x64.ActiveCfg = Debug|Any CPU
		{D83C1F94-1FD8-4845-BBAC-CE6D1518F999}.Debug|x64.Build.0 = Debug|Any CPU
		{D83C1F94-1FD8-4845-BBAC-CE6D1518F999}.Debug|x86.ActiveCfg = Debug|Any CPU
		{D83C1F94-1FD8-4845-BBAC-CE6D1518F999}.Debug|x86.Build.0 = Debug|Any CPU
		{D83C1F94-1FD8-4845-BBAC-CE6D1518F999}.Release|Any CPU.ActiveCfg = Release|Any CPU
		{D83C1F94-1FD8-4845-BBAC-CE6D1518F999}.Release|Any CPU.Build.0 = Release|Any CPU
		{D83C1F94-1FD8-4845-BBAC-CE6D1518F999}.Release|x64.ActiveCfg = Release|Any CPU
		{D83C1F94-1FD8-4845-BBAC-CE6D1518F999}.Release|x64.Build.0 = Release|Any CPU
		{D83C1F94-1FD8-4845-BBAC-CE6D1518F999}.Release|x86.ActiveCfg = Release|Any CPU
		{D83C1F94-1FD8-4845-BBAC-CE6D1518F999}.Release|x86.Build.0 = Release|Any CPU
	EndGlobalSection
	GlobalSection(SolutionProperties) = preSolution
		HideSolutionNode = FALSE
	EndGlobalSection
	GlobalSection(ExtensibilityGlobals) = postSolution
		SolutionGuid = {71E26C96-54C1-4664-B85D-64E415C9A2CB}
	EndGlobalSection
EndGlobal
