
Microsoft Visual Studio Solution File, Format Version 12.00
# Visual Studio Version 17
VisualStudioVersion = 17.3.32929.385
MinimumVisualStudioVersion = 16.0.0.0
Project("{9A19103F-16F7-4668-BE54-9A1E7A4F7556}") = "pax.dsstats.web.Server", "Server\pax.dsstats.web.Server.csproj", "{E7A89058-096A-4F99-90B6-1220C82DD701}"
EndProject
Project("{9A19103F-16F7-4668-BE54-9A1E7A4F7556}") = "pax.dsstats.web.Client", "Client\pax.dsstats.web.Client.csproj", "{688CBAE1-DCC6-492C-B7E4-707796E4B5A2}"
EndProject
Project("{9A19103F-16F7-4668-BE54-9A1E7A4F7556}") = "pax.dsstats.web.Shared", "Shared\pax.dsstats.web.Shared.csproj", "{1F1B4AA4-85C2-48AD-9DA1-C62ECD5D23C5}"
EndProject
Project("{9A19103F-16F7-4668-BE54-9A1E7A4F7556}") = "pax.dsstats.dbng", "..\pax.dsstats.dbng\pax.dsstats.dbng.csproj", "{F0D6E1FE-7322-4DAB-A8C0-209CB2026202}"
EndProject
Project("{9A19103F-16F7-4668-BE54-9A1E7A4F7556}") = "pax.dsstats.shared", "..\pax.dsstats.shared\pax.dsstats.shared.csproj", "{97874613-A8C3-4AB7-8E02-AD16C032B651}"
EndProject
Project("{9A19103F-16F7-4668-BE54-9A1E7A4F7556}") = "sc2dsstats.razorlib", "..\sc2dsstats.razorlib\sc2dsstats.razorlib.csproj", "{57DBF535-E9FD-41E0-B316-DF875A48BB02}"
EndProject
Project("{9A19103F-16F7-4668-BE54-9A1E7A4F7556}") = "MysqlMigrations", "..\MysqlMigrations\MysqlMigrations.csproj", "{01738F46-1C4E-4CCD-87D9-4894F1A48AAE}"
EndProject
Project("{9A19103F-16F7-4668-BE54-9A1E7A4F7556}") = "dsstats.Tests", "dsstats.Tests\dsstats.Tests.csproj", "{24111A0D-753E-4144-8C62-69814B9D9190}"
EndProject
Project("{9A19103F-16F7-4668-BE54-9A1E7A4F7556}") = "SqliteMigrations", "..\SqliteMigrations\SqliteMigrations.csproj", "{A07414A1-4306-46CC-B231-9EAA6325F3CC}"
EndProject
Project("{9A19103F-16F7-4668-BE54-9A1E7A4F7556}") = "dsstats.raven", "dsstats.raven\dsstats.raven.csproj", "{02679C2F-B05E-4AD0-9B9B-45B53A47FBB8}"
EndProject
Project("{9A19103F-16F7-4668-BE54-9A1E7A4F7556}") = "dsstats.mmr", "..\dsstats.mmr\dsstats.mmr.csproj", "{27337B0D-A8B1-405D-A4F6-273793C1C501}"
EndProject
Project("{9A19103F-16F7-4668-BE54-9A1E7A4F7556}") = "dsstats.ratings.lib", "..\dsstats.ratings.lib\dsstats.ratings.lib.csproj", "{73022196-1FEF-4C91-9DA2-9C0CBF098C3A}"
EndProject
Global
	GlobalSection(SolutionConfigurationPlatforms) = preSolution
		Debug|Any CPU = Debug|Any CPU
		Debug|x64 = Debug|x64
		Debug|x86 = Debug|x86
		Release|Any CPU = Release|Any CPU
		Release|x64 = Release|x64
		Release|x86 = Release|x86
	EndGlobalSection
	GlobalSection(ProjectConfigurationPlatforms) = postSolution
		{E7A89058-096A-4F99-90B6-1220C82DD701}.Debug|Any CPU.ActiveCfg = Debug|Any CPU
		{E7A89058-096A-4F99-90B6-1220C82DD701}.Debug|Any CPU.Build.0 = Debug|Any CPU
		{E7A89058-096A-4F99-90B6-1220C82DD701}.Debug|x64.ActiveCfg = Debug|Any CPU
		{E7A89058-096A-4F99-90B6-1220C82DD701}.Debug|x64.Build.0 = Debug|Any CPU
		{E7A89058-096A-4F99-90B6-1220C82DD701}.Debug|x86.ActiveCfg = Debug|Any CPU
		{E7A89058-096A-4F99-90B6-1220C82DD701}.Debug|x86.Build.0 = Debug|Any CPU
		{E7A89058-096A-4F99-90B6-1220C82DD701}.Release|Any CPU.ActiveCfg = Release|Any CPU
		{E7A89058-096A-4F99-90B6-1220C82DD701}.Release|Any CPU.Build.0 = Release|Any CPU
		{E7A89058-096A-4F99-90B6-1220C82DD701}.Release|x64.ActiveCfg = Release|Any CPU
		{E7A89058-096A-4F99-90B6-1220C82DD701}.Release|x64.Build.0 = Release|Any CPU
		{E7A89058-096A-4F99-90B6-1220C82DD701}.Release|x86.ActiveCfg = Release|Any CPU
		{E7A89058-096A-4F99-90B6-1220C82DD701}.Release|x86.Build.0 = Release|Any CPU
		{688CBAE1-DCC6-492C-B7E4-707796E4B5A2}.Debug|Any CPU.ActiveCfg = Debug|Any CPU
		{688CBAE1-DCC6-492C-B7E4-707796E4B5A2}.Debug|Any CPU.Build.0 = Debug|Any CPU
		{688CBAE1-DCC6-492C-B7E4-707796E4B5A2}.Debug|x64.ActiveCfg = Debug|Any CPU
		{688CBAE1-DCC6-492C-B7E4-707796E4B5A2}.Debug|x64.Build.0 = Debug|Any CPU
		{688CBAE1-DCC6-492C-B7E4-707796E4B5A2}.Debug|x86.ActiveCfg = Debug|Any CPU
		{688CBAE1-DCC6-492C-B7E4-707796E4B5A2}.Debug|x86.Build.0 = Debug|Any CPU
		{688CBAE1-DCC6-492C-B7E4-707796E4B5A2}.Release|Any CPU.ActiveCfg = Release|Any CPU
		{688CBAE1-DCC6-492C-B7E4-707796E4B5A2}.Release|Any CPU.Build.0 = Release|Any CPU
		{688CBAE1-DCC6-492C-B7E4-707796E4B5A2}.Release|x64.ActiveCfg = Release|Any CPU
		{688CBAE1-DCC6-492C-B7E4-707796E4B5A2}.Release|x64.Build.0 = Release|Any CPU
		{688CBAE1-DCC6-492C-B7E4-707796E4B5A2}.Release|x86.ActiveCfg = Release|Any CPU
		{688CBAE1-DCC6-492C-B7E4-707796E4B5A2}.Release|x86.Build.0 = Release|Any CPU
		{1F1B4AA4-85C2-48AD-9DA1-C62ECD5D23C5}.Debug|Any CPU.ActiveCfg = Debug|Any CPU
		{1F1B4AA4-85C2-48AD-9DA1-C62ECD5D23C5}.Debug|Any CPU.Build.0 = Debug|Any CPU
		{1F1B4AA4-85C2-48AD-9DA1-C62ECD5D23C5}.Debug|x64.ActiveCfg = Debug|Any CPU
		{1F1B4AA4-85C2-48AD-9DA1-C62ECD5D23C5}.Debug|x64.Build.0 = Debug|Any CPU
		{1F1B4AA4-85C2-48AD-9DA1-C62ECD5D23C5}.Debug|x86.ActiveCfg = Debug|Any CPU
		{1F1B4AA4-85C2-48AD-9DA1-C62ECD5D23C5}.Debug|x86.Build.0 = Debug|Any CPU
		{1F1B4AA4-85C2-48AD-9DA1-C62ECD5D23C5}.Release|Any CPU.ActiveCfg = Release|Any CPU
		{1F1B4AA4-85C2-48AD-9DA1-C62ECD5D23C5}.Release|Any CPU.Build.0 = Release|Any CPU
		{1F1B4AA4-85C2-48AD-9DA1-C62ECD5D23C5}.Release|x64.ActiveCfg = Release|Any CPU
		{1F1B4AA4-85C2-48AD-9DA1-C62ECD5D23C5}.Release|x64.Build.0 = Release|Any CPU
		{1F1B4AA4-85C2-48AD-9DA1-C62ECD5D23C5}.Release|x86.ActiveCfg = Release|Any CPU
		{1F1B4AA4-85C2-48AD-9DA1-C62ECD5D23C5}.Release|x86.Build.0 = Release|Any CPU
		{F0D6E1FE-7322-4DAB-A8C0-209CB2026202}.Debug|Any CPU.ActiveCfg = Debug|Any CPU
		{F0D6E1FE-7322-4DAB-A8C0-209CB2026202}.Debug|Any CPU.Build.0 = Debug|Any CPU
		{F0D6E1FE-7322-4DAB-A8C0-209CB2026202}.Debug|x64.ActiveCfg = Debug|Any CPU
		{F0D6E1FE-7322-4DAB-A8C0-209CB2026202}.Debug|x64.Build.0 = Debug|Any CPU
		{F0D6E1FE-7322-4DAB-A8C0-209CB2026202}.Debug|x86.ActiveCfg = Debug|Any CPU
		{F0D6E1FE-7322-4DAB-A8C0-209CB2026202}.Debug|x86.Build.0 = Debug|Any CPU
		{F0D6E1FE-7322-4DAB-A8C0-209CB2026202}.Release|Any CPU.ActiveCfg = Release|Any CPU
		{F0D6E1FE-7322-4DAB-A8C0-209CB2026202}.Release|Any CPU.Build.0 = Release|Any CPU
		{F0D6E1FE-7322-4DAB-A8C0-209CB2026202}.Release|x64.ActiveCfg = Release|Any CPU
		{F0D6E1FE-7322-4DAB-A8C0-209CB2026202}.Release|x64.Build.0 = Release|Any CPU
		{F0D6E1FE-7322-4DAB-A8C0-209CB2026202}.Release|x86.ActiveCfg = Release|Any CPU
		{F0D6E1FE-7322-4DAB-A8C0-209CB2026202}.Release|x86.Build.0 = Release|Any CPU
		{97874613-A8C3-4AB7-8E02-AD16C032B651}.Debug|Any CPU.ActiveCfg = Debug|Any CPU
		{97874613-A8C3-4AB7-8E02-AD16C032B651}.Debug|Any CPU.Build.0 = Debug|Any CPU
		{97874613-A8C3-4AB7-8E02-AD16C032B651}.Debug|x64.ActiveCfg = Debug|Any CPU
		{97874613-A8C3-4AB7-8E02-AD16C032B651}.Debug|x64.Build.0 = Debug|Any CPU
		{97874613-A8C3-4AB7-8E02-AD16C032B651}.Debug|x86.ActiveCfg = Debug|Any CPU
		{97874613-A8C3-4AB7-8E02-AD16C032B651}.Debug|x86.Build.0 = Debug|Any CPU
		{97874613-A8C3-4AB7-8E02-AD16C032B651}.Release|Any CPU.ActiveCfg = Release|Any CPU
		{97874613-A8C3-4AB7-8E02-AD16C032B651}.Release|Any CPU.Build.0 = Release|Any CPU
		{97874613-A8C3-4AB7-8E02-AD16C032B651}.Release|x64.ActiveCfg = Release|Any CPU
		{97874613-A8C3-4AB7-8E02-AD16C032B651}.Release|x64.Build.0 = Release|Any CPU
		{97874613-A8C3-4AB7-8E02-AD16C032B651}.Release|x86.ActiveCfg = Release|Any CPU
		{97874613-A8C3-4AB7-8E02-AD16C032B651}.Release|x86.Build.0 = Release|Any CPU
		{57DBF535-E9FD-41E0-B316-DF875A48BB02}.Debug|Any CPU.ActiveCfg = Debug|Any CPU
		{57DBF535-E9FD-41E0-B316-DF875A48BB02}.Debug|Any CPU.Build.0 = Debug|Any CPU
		{57DBF535-E9FD-41E0-B316-DF875A48BB02}.Debug|x64.ActiveCfg = Debug|Any CPU
		{57DBF535-E9FD-41E0-B316-DF875A48BB02}.Debug|x64.Build.0 = Debug|Any CPU
		{57DBF535-E9FD-41E0-B316-DF875A48BB02}.Debug|x86.ActiveCfg = Debug|Any CPU
		{57DBF535-E9FD-41E0-B316-DF875A48BB02}.Debug|x86.Build.0 = Debug|Any CPU
		{57DBF535-E9FD-41E0-B316-DF875A48BB02}.Release|Any CPU.ActiveCfg = Release|Any CPU
		{57DBF535-E9FD-41E0-B316-DF875A48BB02}.Release|Any CPU.Build.0 = Release|Any CPU
		{57DBF535-E9FD-41E0-B316-DF875A48BB02}.Release|x64.ActiveCfg = Release|Any CPU
		{57DBF535-E9FD-41E0-B316-DF875A48BB02}.Release|x64.Build.0 = Release|Any CPU
		{57DBF535-E9FD-41E0-B316-DF875A48BB02}.Release|x86.ActiveCfg = Release|Any CPU
		{57DBF535-E9FD-41E0-B316-DF875A48BB02}.Release|x86.Build.0 = Release|Any CPU
		{01738F46-1C4E-4CCD-87D9-4894F1A48AAE}.Debug|Any CPU.ActiveCfg = Debug|Any CPU
		{01738F46-1C4E-4CCD-87D9-4894F1A48AAE}.Debug|Any CPU.Build.0 = Debug|Any CPU
		{01738F46-1C4E-4CCD-87D9-4894F1A48AAE}.Debug|x64.ActiveCfg = Debug|Any CPU
		{01738F46-1C4E-4CCD-87D9-4894F1A48AAE}.Debug|x64.Build.0 = Debug|Any CPU
		{01738F46-1C4E-4CCD-87D9-4894F1A48AAE}.Debug|x86.ActiveCfg = Debug|Any CPU
		{01738F46-1C4E-4CCD-87D9-4894F1A48AAE}.Debug|x86.Build.0 = Debug|Any CPU
		{01738F46-1C4E-4CCD-87D9-4894F1A48AAE}.Release|Any CPU.ActiveCfg = Release|Any CPU
		{01738F46-1C4E-4CCD-87D9-4894F1A48AAE}.Release|Any CPU.Build.0 = Release|Any CPU
		{01738F46-1C4E-4CCD-87D9-4894F1A48AAE}.Release|x64.ActiveCfg = Release|Any CPU
		{01738F46-1C4E-4CCD-87D9-4894F1A48AAE}.Release|x64.Build.0 = Release|Any CPU
		{01738F46-1C4E-4CCD-87D9-4894F1A48AAE}.Release|x86.ActiveCfg = Release|Any CPU
		{01738F46-1C4E-4CCD-87D9-4894F1A48AAE}.Release|x86.Build.0 = Release|Any CPU
		{24111A0D-753E-4144-8C62-69814B9D9190}.Debug|Any CPU.ActiveCfg = Debug|Any CPU
		{24111A0D-753E-4144-8C62-69814B9D9190}.Debug|Any CPU.Build.0 = Debug|Any CPU
		{24111A0D-753E-4144-8C62-69814B9D9190}.Debug|x64.ActiveCfg = Debug|Any CPU
		{24111A0D-753E-4144-8C62-69814B9D9190}.Debug|x64.Build.0 = Debug|Any CPU
		{24111A0D-753E-4144-8C62-69814B9D9190}.Debug|x86.ActiveCfg = Debug|Any CPU
		{24111A0D-753E-4144-8C62-69814B9D9190}.Debug|x86.Build.0 = Debug|Any CPU
		{24111A0D-753E-4144-8C62-69814B9D9190}.Release|Any CPU.ActiveCfg = Release|Any CPU
		{24111A0D-753E-4144-8C62-69814B9D9190}.Release|Any CPU.Build.0 = Release|Any CPU
		{24111A0D-753E-4144-8C62-69814B9D9190}.Release|x64.ActiveCfg = Release|Any CPU
		{24111A0D-753E-4144-8C62-69814B9D9190}.Release|x64.Build.0 = Release|Any CPU
		{24111A0D-753E-4144-8C62-69814B9D9190}.Release|x86.ActiveCfg = Release|Any CPU
		{24111A0D-753E-4144-8C62-69814B9D9190}.Release|x86.Build.0 = Release|Any CPU
		{A07414A1-4306-46CC-B231-9EAA6325F3CC}.Debug|Any CPU.ActiveCfg = Debug|Any CPU
		{A07414A1-4306-46CC-B231-9EAA6325F3CC}.Debug|Any CPU.Build.0 = Debug|Any CPU
		{A07414A1-4306-46CC-B231-9EAA6325F3CC}.Debug|x64.ActiveCfg = Debug|Any CPU
		{A07414A1-4306-46CC-B231-9EAA6325F3CC}.Debug|x64.Build.0 = Debug|Any CPU
		{A07414A1-4306-46CC-B231-9EAA6325F3CC}.Debug|x86.ActiveCfg = Debug|Any CPU
		{A07414A1-4306-46CC-B231-9EAA6325F3CC}.Debug|x86.Build.0 = Debug|Any CPU
		{A07414A1-4306-46CC-B231-9EAA6325F3CC}.Release|Any CPU.ActiveCfg = Release|Any CPU
		{A07414A1-4306-46CC-B231-9EAA6325F3CC}.Release|Any CPU.Build.0 = Release|Any CPU
		{A07414A1-4306-46CC-B231-9EAA6325F3CC}.Release|x64.ActiveCfg = Release|Any CPU
		{A07414A1-4306-46CC-B231-9EAA6325F3CC}.Release|x64.Build.0 = Release|Any CPU
		{A07414A1-4306-46CC-B231-9EAA6325F3CC}.Release|x86.ActiveCfg = Release|Any CPU
		{A07414A1-4306-46CC-B231-9EAA6325F3CC}.Release|x86.Build.0 = Release|Any CPU
		{02679C2F-B05E-4AD0-9B9B-45B53A47FBB8}.Debug|Any CPU.ActiveCfg = Debug|Any CPU
		{02679C2F-B05E-4AD0-9B9B-45B53A47FBB8}.Debug|Any CPU.Build.0 = Debug|Any CPU
		{02679C2F-B05E-4AD0-9B9B-45B53A47FBB8}.Debug|x64.ActiveCfg = Debug|Any CPU
		{02679C2F-B05E-4AD0-9B9B-45B53A47FBB8}.Debug|x64.Build.0 = Debug|Any CPU
		{02679C2F-B05E-4AD0-9B9B-45B53A47FBB8}.Debug|x86.ActiveCfg = Debug|Any CPU
		{02679C2F-B05E-4AD0-9B9B-45B53A47FBB8}.Debug|x86.Build.0 = Debug|Any CPU
		{02679C2F-B05E-4AD0-9B9B-45B53A47FBB8}.Release|Any CPU.ActiveCfg = Release|Any CPU
		{02679C2F-B05E-4AD0-9B9B-45B53A47FBB8}.Release|Any CPU.Build.0 = Release|Any CPU
		{02679C2F-B05E-4AD0-9B9B-45B53A47FBB8}.Release|x64.ActiveCfg = Release|Any CPU
		{02679C2F-B05E-4AD0-9B9B-45B53A47FBB8}.Release|x64.Build.0 = Release|Any CPU
		{02679C2F-B05E-4AD0-9B9B-45B53A47FBB8}.Release|x86.ActiveCfg = Release|Any CPU
		{02679C2F-B05E-4AD0-9B9B-45B53A47FBB8}.Release|x86.Build.0 = Release|Any CPU
		{27337B0D-A8B1-405D-A4F6-273793C1C501}.Debug|Any CPU.ActiveCfg = Debug|Any CPU
		{27337B0D-A8B1-405D-A4F6-273793C1C501}.Debug|Any CPU.Build.0 = Debug|Any CPU
		{27337B0D-A8B1-405D-A4F6-273793C1C501}.Debug|x64.ActiveCfg = Debug|Any CPU
		{27337B0D-A8B1-405D-A4F6-273793C1C501}.Debug|x64.Build.0 = Debug|Any CPU
		{27337B0D-A8B1-405D-A4F6-273793C1C501}.Debug|x86.ActiveCfg = Debug|Any CPU
		{27337B0D-A8B1-405D-A4F6-273793C1C501}.Debug|x86.Build.0 = Debug|Any CPU
		{27337B0D-A8B1-405D-A4F6-273793C1C501}.Release|Any CPU.ActiveCfg = Release|Any CPU
		{27337B0D-A8B1-405D-A4F6-273793C1C501}.Release|Any CPU.Build.0 = Release|Any CPU
		{27337B0D-A8B1-405D-A4F6-273793C1C501}.Release|x64.ActiveCfg = Release|Any CPU
		{27337B0D-A8B1-405D-A4F6-273793C1C501}.Release|x64.Build.0 = Release|Any CPU
		{27337B0D-A8B1-405D-A4F6-273793C1C501}.Release|x86.ActiveCfg = Release|Any CPU
		{27337B0D-A8B1-405D-A4F6-273793C1C501}.Release|x86.Build.0 = Release|Any CPU
		{73022196-1FEF-4C91-9DA2-9C0CBF098C3A}.Debug|Any CPU.ActiveCfg = Debug|Any CPU
		{73022196-1FEF-4C91-9DA2-9C0CBF098C3A}.Debug|Any CPU.Build.0 = Debug|Any CPU
		{73022196-1FEF-4C91-9DA2-9C0CBF098C3A}.Debug|x64.ActiveCfg = Debug|Any CPU
		{73022196-1FEF-4C91-9DA2-9C0CBF098C3A}.Debug|x64.Build.0 = Debug|Any CPU
		{73022196-1FEF-4C91-9DA2-9C0CBF098C3A}.Debug|x86.ActiveCfg = Debug|Any CPU
		{73022196-1FEF-4C91-9DA2-9C0CBF098C3A}.Debug|x86.Build.0 = Debug|Any CPU
		{73022196-1FEF-4C91-9DA2-9C0CBF098C3A}.Release|Any CPU.ActiveCfg = Release|Any CPU
		{73022196-1FEF-4C91-9DA2-9C0CBF098C3A}.Release|Any CPU.Build.0 = Release|Any CPU
		{73022196-1FEF-4C91-9DA2-9C0CBF098C3A}.Release|x64.ActiveCfg = Release|Any CPU
		{73022196-1FEF-4C91-9DA2-9C0CBF098C3A}.Release|x64.Build.0 = Release|Any CPU
		{73022196-1FEF-4C91-9DA2-9C0CBF098C3A}.Release|x86.ActiveCfg = Release|Any CPU
		{73022196-1FEF-4C91-9DA2-9C0CBF098C3A}.Release|x86.Build.0 = Release|Any CPU
	EndGlobalSection
	GlobalSection(SolutionProperties) = preSolution
		HideSolutionNode = FALSE
	EndGlobalSection
	GlobalSection(ExtensibilityGlobals) = postSolution
		SolutionGuid = {148E5985-28C4-40D6-863E-662DDAA1AD67}
	EndGlobalSection
EndGlobal
