Microsoft Visual Studio Solution File, Format Version 12.00
# Visual Studio Version 17
VisualStudioVersion = 17.5.2.0
MinimumVisualStudioVersion = 10.0.40219.1
Project("{FAE04EC0-301F-11D3-BF4B-00C04F79EFBC}") = "dsstats.web", "dsstats.web.csproj", "{E045C5AF-53F6-C795-3D10-F85163897E06}"
EndProject
Global
	GlobalSection(SolutionConfigurationPlatforms) = preSolution
		Debug|Any CPU = Debug|Any CPU
		Release|Any CPU = Release|Any CPU
	EndGlobalSection
	GlobalSection(ProjectConfigurationPlatforms) = postSolution
		{E045C5AF-53F6-C795-3D10-F85163897E06}.Debug|Any CPU.ActiveCfg = Debug|Any CPU
		{E045C5AF-53F6-C795-3D10-F85163897E06}.Debug|Any CPU.Build.0 = Debug|Any CPU
		{E045C5AF-53F6-C795-3D10-F85163897E06}.Release|Any CPU.ActiveCfg = Release|Any CPU
		{E045C5AF-53F6-C795-3D10-F85163897E06}.Release|Any CPU.Build.0 = Release|Any CPU
	EndGlobalSection
	GlobalSection(SolutionProperties) = preSolution
		HideSolutionNode = FALSE
	EndGlobalSection
	GlobalSection(ExtensibilityGlobals) = postSolution
		SolutionGuid = {5F435D44-AA42-4A8A-9B40-54E5E602287C}
	EndGlobalSection
EndGlobal
