
Microsoft Visual Studio Solution File, Format Version 12.00
# Visual Studio Version 17
VisualStudioVersion = 17.5.002.0
MinimumVisualStudioVersion = 10.0.40219.1
Project("{9A19103F-16F7-4668-BE54-9A1E7A4F7556}") = "dsstats.api", "dsstats.api.csproj", "{106F386D-513A-45AB-90F4-156F66B2ED5D}"
EndProject
Global
	GlobalSection(SolutionConfigurationPlatforms) = preSolution
		Debug|Any CPU = Debug|Any CPU
		Release|Any CPU = Release|Any CPU
	EndGlobalSection
	GlobalSection(ProjectConfigurationPlatforms) = postSolution
		{106F386D-513A-45AB-90F4-156F66B2ED5D}.Debug|Any CPU.ActiveCfg = Debug|Any CPU
		{106F386D-513A-45AB-90F4-156F66B2ED5D}.Debug|Any CPU.Build.0 = Debug|Any CPU
		{106F386D-513A-45AB-90F4-156F66B2ED5D}.Release|Any CPU.ActiveCfg = Release|Any CPU
		{106F386D-513A-45AB-90F4-156F66B2ED5D}.Release|Any CPU.Build.0 = Release|Any CPU
	EndGlobalSection
	GlobalSection(SolutionProperties) = preSolution
		HideSolutionNode = FALSE
	EndGlobalSection
	GlobalSection(ExtensibilityGlobals) = postSolution
		SolutionGuid = {D6206435-60FE-4A88-840A-85A23CCF561F}
	EndGlobalSection
EndGlobal
