
Microsoft Visual Studio Solution File, Format Version 12.00
# Visual Studio Version 17
VisualStudioVersion = 17.8.34205.153
MinimumVisualStudioVersion = 10.0.40219.1
Project("{9A19103F-16F7-4668-BE54-9A1E7A4F7556}") = "dsstats.api", "dsstats.api\dsstats.api.csproj", "{4BF25C70-404E-40AF-A130-A7CCBA173ACE}"
EndProject
Project("{9A19103F-16F7-4668-BE54-9A1E7A4F7556}") = "dsstats.shared", "dsstats.shared\dsstats.shared.csproj", "{C781A19C-22E9-45A8-9978-C8ECDDF8BFB8}"
EndProject
Project("{9A19103F-16F7-4668-BE54-9A1E7A4F7556}") = "MysqlMigrations", "MysqlMigrations\MysqlMigrations.csproj", "{404AB369-BCC6-4DDE-83FC-D5083373D513}"
EndProject
Project("{9A19103F-16F7-4668-BE54-9A1E7A4F7556}") = "dsstats.ratings.lib", "dsstats.ratings.lib\dsstats.ratings.lib.csproj", "{84F9EE3B-79CF-4EB3-81DD-E07F339FF434}"
EndProject
Project("{9A19103F-16F7-4668-BE54-9A1E7A4F7556}") = "dsstats.db8", "dsstats.db8\dsstats.db8.csproj", "{944B6F40-AD94-454F-B93D-EE143239D722}"
EndProject
Project("{9A19103F-16F7-4668-BE54-9A1E7A4F7556}") = "dsstats.db8services", "dsstats.db8services\dsstats.db8services.csproj", "{861C46E2-B359-493B-B3FE-AB04C688313C}"
EndProject
Project("{9A19103F-16F7-4668-BE54-9A1E7A4F7556}") = "dsstats.ratings.tests", "tests\dsstats.ratings.tests\dsstats.ratings.tests.csproj", "{45A6CD9F-6933-48EC-89F2-DCEB8B88DCAA}"
EndProject
Project("{9A19103F-16F7-4668-BE54-9A1E7A4F7556}") = "SqliteMigrations", "dsstats.maui\SqliteMigrations\SqliteMigrations.csproj", "{C0A93A55-C62F-4F5E-B14B-51F29332536A}"
EndProject
Global
	GlobalSection(SolutionConfigurationPlatforms) = preSolution
		Debug|Any CPU = Debug|Any CPU
		Release|Any CPU = Release|Any CPU
	EndGlobalSection
	GlobalSection(ProjectConfigurationPlatforms) = postSolution
		{4BF25C70-404E-40AF-A130-A7CCBA173ACE}.Debug|Any CPU.ActiveCfg = Debug|Any CPU
		{4BF25C70-404E-40AF-A130-A7CCBA173ACE}.Debug|Any CPU.Build.0 = Debug|Any CPU
		{4BF25C70-404E-40AF-A130-A7CCBA173ACE}.Release|Any CPU.ActiveCfg = Release|Any CPU
		{4BF25C70-404E-40AF-A130-A7CCBA173ACE}.Release|Any CPU.Build.0 = Release|Any CPU
		{C781A19C-22E9-45A8-9978-C8ECDDF8BFB8}.Debug|Any CPU.ActiveCfg = Debug|Any CPU
		{C781A19C-22E9-45A8-9978-C8ECDDF8BFB8}.Debug|Any CPU.Build.0 = Debug|Any CPU
		{C781A19C-22E9-45A8-9978-C8ECDDF8BFB8}.Release|Any CPU.ActiveCfg = Release|Any CPU
		{C781A19C-22E9-45A8-9978-C8ECDDF8BFB8}.Release|Any CPU.Build.0 = Release|Any CPU
		{404AB369-BCC6-4DDE-83FC-D5083373D513}.Debug|Any CPU.ActiveCfg = Debug|Any CPU
		{404AB369-BCC6-4DDE-83FC-D5083373D513}.Debug|Any CPU.Build.0 = Debug|Any CPU
		{404AB369-BCC6-4DDE-83FC-D5083373D513}.Release|Any CPU.ActiveCfg = Release|Any CPU
		{404AB369-BCC6-4DDE-83FC-D5083373D513}.Release|Any CPU.Build.0 = Release|Any CPU
		{84F9EE3B-79CF-4EB3-81DD-E07F339FF434}.Debug|Any CPU.ActiveCfg = Debug|Any CPU
		{84F9EE3B-79CF-4EB3-81DD-E07F339FF434}.Debug|Any CPU.Build.0 = Debug|Any CPU
		{84F9EE3B-79CF-4EB3-81DD-E07F339FF434}.Release|Any CPU.ActiveCfg = Release|Any CPU
		{84F9EE3B-79CF-4EB3-81DD-E07F339FF434}.Release|Any CPU.Build.0 = Release|Any CPU
		{944B6F40-AD94-454F-B93D-EE143239D722}.Debug|Any CPU.ActiveCfg = Debug|Any CPU
		{944B6F40-AD94-454F-B93D-EE143239D722}.Debug|Any CPU.Build.0 = Debug|Any CPU
		{944B6F40-AD94-454F-B93D-EE143239D722}.Release|Any CPU.ActiveCfg = Release|Any CPU
		{944B6F40-AD94-454F-B93D-EE143239D722}.Release|Any CPU.Build.0 = Release|Any CPU
		{861C46E2-B359-493B-B3FE-AB04C688313C}.Debug|Any CPU.ActiveCfg = Debug|Any CPU
		{861C46E2-B359-493B-B3FE-AB04C688313C}.Debug|Any CPU.Build.0 = Debug|Any CPU
		{861C46E2-B359-493B-B3FE-AB04C688313C}.Release|Any CPU.ActiveCfg = Release|Any CPU
		{861C46E2-B359-493B-B3FE-AB04C688313C}.Release|Any CPU.Build.0 = Release|Any CPU
		{45A6CD9F-6933-48EC-89F2-DCEB8B88DCAA}.Debug|Any CPU.ActiveCfg = Debug|Any CPU
		{45A6CD9F-6933-48EC-89F2-DCEB8B88DCAA}.Debug|Any CPU.Build.0 = Debug|Any CPU
		{45A6CD9F-6933-48EC-89F2-DCEB8B88DCAA}.Release|Any CPU.ActiveCfg = Release|Any CPU
		{45A6CD9F-6933-48EC-89F2-DCEB8B88DCAA}.Release|Any CPU.Build.0 = Release|Any CPU
		{C0A93A55-C62F-4F5E-B14B-51F29332536A}.Debug|Any CPU.ActiveCfg = Debug|Any CPU
		{C0A93A55-C62F-4F5E-B14B-51F29332536A}.Debug|Any CPU.Build.0 = Debug|Any CPU
		{C0A93A55-C62F-4F5E-B14B-51F29332536A}.Release|Any CPU.ActiveCfg = Release|Any CPU
		{C0A93A55-C62F-4F5E-B14B-51F29332536A}.Release|Any CPU.Build.0 = Release|Any CPU
	EndGlobalSection
	GlobalSection(SolutionProperties) = preSolution
		HideSolutionNode = FALSE
	EndGlobalSection
	GlobalSection(ExtensibilityGlobals) = postSolution
		SolutionGuid = {20AC963B-3E45-4731-99CC-1BFCF31469CE}
	EndGlobalSection
EndGlobal
