
Microsoft Visual Studio Solution File, Format Version 12.00
# Visual Studio Version 17
VisualStudioVersion = 17.8.34205.153
MinimumVisualStudioVersion = 10.0.40219.1
Project("{9A19103F-16F7-4668-BE54-9A1E7A4F7556}") = "dsstats.wasm", "dsstats.wasm\dsstats.wasm.csproj", "{BA85AB75-1426-4A59-8D7B-A3404168805D}"
EndProject
Project("{9A19103F-16F7-4668-BE54-9A1E7A4F7556}") = "dsstats.shared", "dsstats.shared\dsstats.shared.csproj", "{BF401873-D3DF-4D01-A5A1-BC9CA5C74AD9}"
EndProject
Project("{9A19103F-16F7-4668-BE54-9A1E7A4F7556}") = "dsstats.razorlib", "dsstats.razorlib\dsstats.razorlib.csproj", "{51B2CE52-7621-43E7-AF09-40AF39BA5981}"
EndProject
Project("{9A19103F-16F7-4668-BE54-9A1E7A4F7556}") = "dsstats.apiServices", "dsstats.apiServices\dsstats.apiServices.csproj", "{21F442AD-6403-47A5-A599-4F363CE182A7}"
EndProject
Global
	GlobalSection(SolutionConfigurationPlatforms) = preSolution
		Debug|Any CPU = Debug|Any CPU
		Release|Any CPU = Release|Any CPU
	EndGlobalSection
	GlobalSection(ProjectConfigurationPlatforms) = postSolution
		{BA85AB75-1426-4A59-8D7B-A3404168805D}.Debug|Any CPU.ActiveCfg = Debug|Any CPU
		{BA85AB75-1426-4A59-8D7B-A3404168805D}.Debug|Any CPU.Build.0 = Debug|Any CPU
		{BA85AB75-1426-4A59-8D7B-A3404168805D}.Release|Any CPU.ActiveCfg = Release|Any CPU
		{BA85AB75-1426-4A59-8D7B-A3404168805D}.Release|Any CPU.Build.0 = Release|Any CPU
		{BF401873-D3DF-4D01-A5A1-BC9CA5C74AD9}.Debug|Any CPU.ActiveCfg = Debug|Any CPU
		{BF401873-D3DF-4D01-A5A1-BC9CA5C74AD9}.Debug|Any CPU.Build.0 = Debug|Any CPU
		{BF401873-D3DF-4D01-A5A1-BC9CA5C74AD9}.Release|Any CPU.ActiveCfg = Release|Any CPU
		{BF401873-D3DF-4D01-A5A1-BC9CA5C74AD9}.Release|Any CPU.Build.0 = Release|Any CPU
		{51B2CE52-7621-43E7-AF09-40AF39BA5981}.Debug|Any CPU.ActiveCfg = Debug|Any CPU
		{51B2CE52-7621-43E7-AF09-40AF39BA5981}.Debug|Any CPU.Build.0 = Debug|Any CPU
		{51B2CE52-7621-43E7-AF09-40AF39BA5981}.Release|Any CPU.ActiveCfg = Release|Any CPU
		{51B2CE52-7621-43E7-AF09-40AF39BA5981}.Release|Any CPU.Build.0 = Release|Any CPU
		{21F442AD-6403-47A5-A599-4F363CE182A7}.Debug|Any CPU.ActiveCfg = Debug|Any CPU
		{21F442AD-6403-47A5-A599-4F363CE182A7}.Debug|Any CPU.Build.0 = Debug|Any CPU
		{21F442AD-6403-47A5-A599-4F363CE182A7}.Release|Any CPU.ActiveCfg = Release|Any CPU
		{21F442AD-6403-47A5-A599-4F363CE182A7}.Release|Any CPU.Build.0 = Release|Any CPU
	EndGlobalSection
	GlobalSection(SolutionProperties) = preSolution
		HideSolutionNode = FALSE
	EndGlobalSection
	GlobalSection(ExtensibilityGlobals) = postSolution
		SolutionGuid = {D5AE23C4-8117-452A-917B-F10785A80A42}
	EndGlobalSection
EndGlobal
