Microsoft Visual Studio Solution File, Format Version 12.00
# Visual Studio Version 17
VisualStudioVersion = 17.5.2.0
MinimumVisualStudioVersion = 10.0.40219.1
Project("{FAE04EC0-301F-11D3-BF4B-00C04F79EFBC}") = "dsstats.maui", "dsstats.maui.csproj", "{009E38B3-3F49-38A5-E0A2-6127A4D7B2F5}"
EndProject
Global
	GlobalSection(SolutionConfigurationPlatforms) = preSolution
		Debug|Any CPU = Debug|Any CPU
		Release|Any CPU = Release|Any CPU
	EndGlobalSection
	GlobalSection(ProjectConfigurationPlatforms) = postSolution
		{009E38B3-3F49-38A5-E0A2-6127A4D7B2F5}.Debug|Any CPU.ActiveCfg = Debug|Any CPU
		{009E38B3-3F49-38A5-E0A2-6127A4D7B2F5}.Debug|Any CPU.Build.0 = Debug|Any CPU
		{009E38B3-3F49-38A5-E0A2-6127A4D7B2F5}.Release|Any CPU.ActiveCfg = Release|Any CPU
		{009E38B3-3F49-38A5-E0A2-6127A4D7B2F5}.Release|Any CPU.Build.0 = Release|Any CPU
	EndGlobalSection
	GlobalSection(SolutionProperties) = preSolution
		HideSolutionNode = FALSE
	EndGlobalSection
	GlobalSection(ExtensibilityGlobals) = postSolution
		SolutionGuid = {CF553ABB-8BB2-4B31-BC1C-D113C3E4C243}
	EndGlobalSection
EndGlobal
