Microsoft Visual Studio Solution File, Format Version 12.00
# Visual Studio Version 17
VisualStudioVersion = 17.5.2.0
MinimumVisualStudioVersion = 10.0.40219.1
Project("{FAE04EC0-301F-11D3-BF4B-00C04F79EFBC}") = "dsstats.apiServices", "dsstats.apiServices.csproj", "{81C98058-B47C-EE7E-09C3-88A7A2D72DE5}"
EndProject
Global
	GlobalSection(SolutionConfigurationPlatforms) = preSolution
		Debug|Any CPU = Debug|Any CPU
		Release|Any CPU = Release|Any CPU
	EndGlobalSection
	GlobalSection(ProjectConfigurationPlatforms) = postSolution
		{81C98058-B47C-EE7E-09C3-88A7A2D72DE5}.Debug|Any CPU.ActiveCfg = Debug|Any CPU
		{81C98058-B47C-EE7E-09C3-88A7A2D72DE5}.Debug|Any CPU.Build.0 = Debug|Any CPU
		{81C98058-B47C-EE7E-09C3-88A7A2D72DE5}.Release|Any CPU.ActiveCfg = Release|Any CPU
		{81C98058-B47C-EE7E-09C3-88A7A2D72DE5}.Release|Any CPU.Build.0 = Release|Any CPU
	EndGlobalSection
	GlobalSection(SolutionProperties) = preSolution
		HideSolutionNode = FALSE
	EndGlobalSection
	GlobalSection(ExtensibilityGlobals) = postSolution
		SolutionGuid = {42FA3498-B458-4F99-90A7-07FEBD9FF471}
	EndGlobalSection
EndGlobal
