
Microsoft Visual Studio Solution File, Format Version 12.00
# Visual Studio Version 17
VisualStudioVersion = 17.5.002.0
MinimumVisualStudioVersion = 10.0.40219.1
Project("{9A19103F-16F7-4668-BE54-9A1E7A4F7556}") = "SC2ArcadeCrawler", "SC2ArcadeCrawler.csproj", "{BA7B70B4-A20D-4D2E-86BD-CB7934977E97}"
EndProject
Global
	GlobalSection(SolutionConfigurationPlatforms) = preSolution
		Debug|Any CPU = Debug|Any CPU
		Release|Any CPU = Release|Any CPU
	EndGlobalSection
	GlobalSection(ProjectConfigurationPlatforms) = postSolution
		{BA7B70B4-A20D-4D2E-86BD-CB7934977E97}.Debug|Any CPU.ActiveCfg = Debug|Any CPU
		{BA7B70B4-A20D-4D2E-86BD-CB7934977E97}.Debug|Any CPU.Build.0 = Debug|Any CPU
		{BA7B70B4-A20D-4D2E-86BD-CB7934977E97}.Release|Any CPU.ActiveCfg = Release|Any CPU
		{BA7B70B4-A20D-4D2E-86BD-CB7934977E97}.Release|Any CPU.Build.0 = Release|Any CPU
	EndGlobalSection
	GlobalSection(SolutionProperties) = preSolution
		HideSolutionNode = FALSE
	EndGlobalSection
	GlobalSection(ExtensibilityGlobals) = postSolution
		SolutionGuid = {BEB0B3E9-AE1E-485C-9783-2BD21FDA4566}
	EndGlobalSection
EndGlobal
