Microsoft Visual Studio Solution File, Format Version 12.00
# Visual Studio Version 17
VisualStudioVersion = 17.5.2.0
MinimumVisualStudioVersion = 10.0.40219.1
Project("{FAE04EC0-301F-11D3-BF4B-00C04F79EFBC}") = "dsstats.challenge", "dsstats.challenge.csproj", "{B431C201-00BF-B7E0-2699-7985146EE8BA}"
EndProject
Global
	GlobalSection(SolutionConfigurationPlatforms) = preSolution
		Debug|Any CPU = Debug|Any CPU
		Release|Any CPU = Release|Any CPU
	EndGlobalSection
	GlobalSection(ProjectConfigurationPlatforms) = postSolution
		{B431C201-00BF-B7E0-2699-7985146EE8BA}.Debug|Any CPU.ActiveCfg = Debug|Any CPU
		{B431C201-00BF-B7E0-2699-7985146EE8BA}.Debug|Any CPU.Build.0 = Debug|Any CPU
		{B431C201-00BF-B7E0-2699-7985146EE8BA}.Release|Any CPU.ActiveCfg = Release|Any CPU
		{B431C201-00BF-B7E0-2699-7985146EE8BA}.Release|Any CPU.Build.0 = Release|Any CPU
	EndGlobalSection
	GlobalSection(SolutionProperties) = preSolution
		HideSolutionNode = FALSE
	EndGlobalSection
	GlobalSection(ExtensibilityGlobals) = postSolution
		SolutionGuid = {D66DCBB0-8BD3-41FB-9219-5F0E6BBEB030}
	EndGlobalSection
EndGlobal
