
Microsoft Visual Studio Solution File, Format Version 12.00
# Visual Studio Version 18
VisualStudioVersion = 18.3.11222.16 d18.3
MinimumVisualStudioVersion = 10.0.40219.1
Project("{FAE04EC0-301F-11D3-BF4B-00C04F79EFBC}") = "dsstats.parser", "..\common\dsstats.parser\dsstats.parser.csproj", "{7E3000BF-C838-48DF-8EA3-75D7DE8CDDCF}"
EndProject
Project("{FAE04EC0-301F-11D3-BF4B-00C04F79EFBC}") = "dsstats.shared", "..\common\dsstats.shared\dsstats.shared.csproj", "{207BDE8A-1AC7-4021-A2BF-40812C59D06A}"
EndProject
Project("{FAE04EC0-301F-11D3-BF4B-00C04F79EFBC}") = "dsstats.weblib", "..\common\dsstats.weblib\dsstats.weblib.csproj", "{385876CF-6AB8-4DAA-84D1-A91C03243C42}"
EndProject
Project("{FAE04EC0-301F-11D3-BF4B-00C04F79EFBC}") = "dsstats.indexedDb", "dsstats.indexedDb\dsstats.indexedDb.csproj", "{55333A16-6DBE-44AC-8475-6ED9D6AA7434}"
EndProject
Project("{FAE04EC0-301F-11D3-BF4B-00C04F79EFBC}") = "dsstats.pwa", "dsstats.pwa\dsstats.pwa.csproj", "{C19A1DC8-3B04-4BF5-9DF6-8C3DD2E9F6AE}"
EndProject
Project("{FAE04EC0-301F-11D3-BF4B-00C04F79EFBC}") = "pax.BBToast", "..\..\..\pax.BBToast\src\pax.BBToast\pax.BBToast.csproj", "{4ED7BE78-ED66-4E56-925F-5C76C98ECE20}"
EndProject
Project("{FAE04EC0-301F-11D3-BF4B-00C04F79EFBC}") = "dsstats.apiServices", "..\server\dsstats.apiServices\dsstats.apiServices.csproj", "{BDC2E79C-DDF5-1067-818F-2F3632CB0FF8}"
EndProject
Global
	GlobalSection(SolutionConfigurationPlatforms) = preSolution
		Debug|Any CPU = Debug|Any CPU
		Debug|x64 = Debug|x64
		Debug|x86 = Debug|x86
		Release|Any CPU = Release|Any CPU
		Release|x64 = Release|x64
		Release|x86 = Release|x86
	EndGlobalSection
	GlobalSection(ProjectConfigurationPlatforms) = postSolution
		{7E3000BF-C838-48DF-8EA3-75D7DE8CDDCF}.Debug|Any CPU.ActiveCfg = Debug|Any CPU
		{7E3000BF-C838-48DF-8EA3-75D7DE8CDDCF}.Debug|Any CPU.Build.0 = Debug|Any CPU
		{7E3000BF-C838-48DF-8EA3-75D7DE8CDDCF}.Debug|x64.ActiveCfg = Debug|Any CPU
		{7E3000BF-C838-48DF-8EA3-75D7DE8CDDCF}.Debug|x64.Build.0 = Debug|Any CPU
		{7E3000BF-C838-48DF-8EA3-75D7DE8CDDCF}.Debug|x86.ActiveCfg = Debug|Any CPU
		{7E3000BF-C838-48DF-8EA3-75D7DE8CDDCF}.Debug|x86.Build.0 = Debug|Any CPU
		{7E3000BF-C838-48DF-8EA3-75D7DE8CDDCF}.Release|Any CPU.ActiveCfg = Release|Any CPU
		{7E3000BF-C838-48DF-8EA3-75D7DE8CDDCF}.Release|Any CPU.Build.0 = Release|Any CPU
		{7E3000BF-C838-48DF-8EA3-75D7DE8CDDCF}.Release|x64.ActiveCfg = Release|Any CPU
		{7E3000BF-C838-48DF-8EA3-75D7DE8CDDCF}.Release|x64.Build.0 = Release|Any CPU
		{7E3000BF-C838-48DF-8EA3-75D7DE8CDDCF}.Release|x86.ActiveCfg = Release|Any CPU
		{7E3000BF-C838-48DF-8EA3-75D7DE8CDDCF}.Release|x86.Build.0 = Release|Any CPU
		{207BDE8A-1AC7-4021-A2BF-40812C59D06A}.Debug|Any CPU.ActiveCfg = Debug|Any CPU
		{207BDE8A-1AC7-4021-A2BF-40812C59D06A}.Debug|Any CPU.Build.0 = Debug|Any CPU
		{207BDE8A-1AC7-4021-A2BF-40812C59D06A}.Debug|x64.ActiveCfg = Debug|Any CPU
		{207BDE8A-1AC7-4021-A2BF-40812C59D06A}.Debug|x64.Build.0 = Debug|Any CPU
		{207BDE8A-1AC7-4021-A2BF-40812C59D06A}.Debug|x86.ActiveCfg = Debug|Any CPU
		{207BDE8A-1AC7-4021-A2BF-40812C59D06A}.Debug|x86.Build.0 = Debug|Any CPU
		{207BDE8A-1AC7-4021-A2BF-40812C59D06A}.Release|Any CPU.ActiveCfg = Release|Any CPU
		{207BDE8A-1AC7-4021-A2BF-40812C59D06A}.Release|Any CPU.Build.0 = Release|Any CPU
		{207BDE8A-1AC7-4021-A2BF-40812C59D06A}.Release|x64.ActiveCfg = Release|Any CPU
		{207BDE8A-1AC7-4021-A2BF-40812C59D06A}.Release|x64.Build.0 = Release|Any CPU
		{207BDE8A-1AC7-4021-A2BF-40812C59D06A}.Release|x86.ActiveCfg = Release|Any CPU
		{207BDE8A-1AC7-4021-A2BF-40812C59D06A}.Release|x86.Build.0 = Release|Any CPU
		{385876CF-6AB8-4DAA-84D1-A91C03243C42}.Debug|Any CPU.ActiveCfg = Debug|Any CPU
		{385876CF-6AB8-4DAA-84D1-A91C03243C42}.Debug|Any CPU.Build.0 = Debug|Any CPU
		{385876CF-6AB8-4DAA-84D1-A91C03243C42}.Debug|x64.ActiveCfg = Debug|Any CPU
		{385876CF-6AB8-4DAA-84D1-A91C03243C42}.Debug|x64.Build.0 = Debug|Any CPU
		{385876CF-6AB8-4DAA-84D1-A91C03243C42}.Debug|x86.ActiveCfg = Debug|Any CPU
		{385876CF-6AB8-4DAA-84D1-A91C03243C42}.Debug|x86.Build.0 = Debug|Any CPU
		{385876CF-6AB8-4DAA-84D1-A91C03243C42}.Release|Any CPU.ActiveCfg = Release|Any CPU
		{385876CF-6AB8-4DAA-84D1-A91C03243C42}.Release|Any CPU.Build.0 = Release|Any CPU
		{385876CF-6AB8-4DAA-84D1-A91C03243C42}.Release|x64.ActiveCfg = Release|Any CPU
		{385876CF-6AB8-4DAA-84D1-A91C03243C42}.Release|x64.Build.0 = Release|Any CPU
		{385876CF-6AB8-4DAA-84D1-A91C03243C42}.Release|x86.ActiveCfg = Release|Any CPU
		{385876CF-6AB8-4DAA-84D1-A91C03243C42}.Release|x86.Build.0 = Release|Any CPU
		{55333A16-6DBE-44AC-8475-6ED9D6AA7434}.Debug|Any CPU.ActiveCfg = Debug|Any CPU
		{55333A16-6DBE-44AC-8475-6ED9D6AA7434}.Debug|Any CPU.Build.0 = Debug|Any CPU
		{55333A16-6DBE-44AC-8475-6ED9D6AA7434}.Debug|x64.ActiveCfg = Debug|Any CPU
		{55333A16-6DBE-44AC-8475-6ED9D6AA7434}.Debug|x64.Build.0 = Debug|Any CPU
		{55333A16-6DBE-44AC-8475-6ED9D6AA7434}.Debug|x86.ActiveCfg = Debug|Any CPU
		{55333A16-6DBE-44AC-8475-6ED9D6AA7434}.Debug|x86.Build.0 = Debug|Any CPU
		{55333A16-6DBE-44AC-8475-6ED9D6AA7434}.Release|Any CPU.ActiveCfg = Release|Any CPU
		{55333A16-6DBE-44AC-8475-6ED9D6AA7434}.Release|Any CPU.Build.0 = Release|Any CPU
		{55333A16-6DBE-44AC-8475-6ED9D6AA7434}.Release|x64.ActiveCfg = Release|Any CPU
		{55333A16-6DBE-44AC-8475-6ED9D6AA7434}.Release|x64.Build.0 = Release|Any CPU
		{55333A16-6DBE-44AC-8475-6ED9D6AA7434}.Release|x86.ActiveCfg = Release|Any CPU
		{55333A16-6DBE-44AC-8475-6ED9D6AA7434}.Release|x86.Build.0 = Release|Any CPU
		{C19A1DC8-3B04-4BF5-9DF6-8C3DD2E9F6AE}.Debug|Any CPU.ActiveCfg = Debug|Any CPU
		{C19A1DC8-3B04-4BF5-9DF6-8C3DD2E9F6AE}.Debug|Any CPU.Build.0 = Debug|Any CPU
		{C19A1DC8-3B04-4BF5-9DF6-8C3DD2E9F6AE}.Debug|x64.ActiveCfg = Debug|Any CPU
		{C19A1DC8-3B04-4BF5-9DF6-8C3DD2E9F6AE}.Debug|x64.Build.0 = Debug|Any CPU
		{C19A1DC8-3B04-4BF5-9DF6-8C3DD2E9F6AE}.Debug|x86.ActiveCfg = Debug|Any CPU
		{C19A1DC8-3B04-4BF5-9DF6-8C3DD2E9F6AE}.Debug|x86.Build.0 = Debug|Any CPU
		{C19A1DC8-3B04-4BF5-9DF6-8C3DD2E9F6AE}.Release|Any CPU.ActiveCfg = Release|Any CPU
		{C19A1DC8-3B04-4BF5-9DF6-8C3DD2E9F6AE}.Release|Any CPU.Build.0 = Release|Any CPU
		{C19A1DC8-3B04-4BF5-9DF6-8C3DD2E9F6AE}.Release|x64.ActiveCfg = Release|Any CPU
		{C19A1DC8-3B04-4BF5-9DF6-8C3DD2E9F6AE}.Release|x64.Build.0 = Release|Any CPU
		{C19A1DC8-3B04-4BF5-9DF6-8C3DD2E9F6AE}.Release|x86.ActiveCfg = Release|Any CPU
		{C19A1DC8-3B04-4BF5-9DF6-8C3DD2E9F6AE}.Release|x86.Build.0 = Release|Any CPU
		{4ED7BE78-ED66-4E56-925F-5C76C98ECE20}.Debug|Any CPU.ActiveCfg = Debug|Any CPU
		{4ED7BE78-ED66-4E56-925F-5C76C98ECE20}.Debug|Any CPU.Build.0 = Debug|Any CPU
		{4ED7BE78-ED66-4E56-925F-5C76C98ECE20}.Debug|x64.ActiveCfg = Debug|Any CPU
		{4ED7BE78-ED66-4E56-925F-5C76C98ECE20}.Debug|x64.Build.0 = Debug|Any CPU
		{4ED7BE78-ED66-4E56-925F-5C76C98ECE20}.Debug|x86.ActiveCfg = Debug|Any CPU
		{4ED7BE78-ED66-4E56-925F-5C76C98ECE20}.Debug|x86.Build.0 = Debug|Any CPU
		{4ED7BE78-ED66-4E56-925F-5C76C98ECE20}.Release|Any CPU.ActiveCfg = Release|Any CPU
		{4ED7BE78-ED66-4E56-925F-5C76C98ECE20}.Release|Any CPU.Build.0 = Release|Any CPU
		{4ED7BE78-ED66-4E56-925F-5C76C98ECE20}.Release|x64.ActiveCfg = Release|Any CPU
		{4ED7BE78-ED66-4E56-925F-5C76C98ECE20}.Release|x64.Build.0 = Release|Any CPU
		{4ED7BE78-ED66-4E56-925F-5C76C98ECE20}.Release|x86.ActiveCfg = Release|Any CPU
		{4ED7BE78-ED66-4E56-925F-5C76C98ECE20}.Release|x86.Build.0 = Release|Any CPU
		{BDC2E79C-DDF5-1067-818F-2F3632CB0FF8}.Debug|Any CPU.ActiveCfg = Debug|Any CPU
		{BDC2E79C-DDF5-1067-818F-2F3632CB0FF8}.Debug|Any CPU.Build.0 = Debug|Any CPU
		{BDC2E79C-DDF5-1067-818F-2F3632CB0FF8}.Debug|x64.ActiveCfg = Debug|Any CPU
		{BDC2E79C-DDF5-1067-818F-2F3632CB0FF8}.Debug|x64.Build.0 = Debug|Any CPU
		{BDC2E79C-DDF5-1067-818F-2F3632CB0FF8}.Debug|x86.ActiveCfg = Debug|Any CPU
		{BDC2E79C-DDF5-1067-818F-2F3632CB0FF8}.Debug|x86.Build.0 = Debug|Any CPU
		{BDC2E79C-DDF5-1067-818F-2F3632CB0FF8}.Release|Any CPU.ActiveCfg = Release|Any CPU
		{BDC2E79C-DDF5-1067-818F-2F3632CB0FF8}.Release|Any CPU.Build.0 = Release|Any CPU
		{BDC2E79C-DDF5-1067-818F-2F3632CB0FF8}.Release|x64.ActiveCfg = Release|Any CPU
		{BDC2E79C-DDF5-1067-818F-2F3632CB0FF8}.Release|x64.Build.0 = Release|Any CPU
		{BDC2E79C-DDF5-1067-818F-2F3632CB0FF8}.Release|x86.ActiveCfg = Release|Any CPU
		{BDC2E79C-DDF5-1067-818F-2F3632CB0FF8}.Release|x86.Build.0 = Release|Any CPU
	EndGlobalSection
	GlobalSection(SolutionProperties) = preSolution
		HideSolutionNode = FALSE
	EndGlobalSection
EndGlobal
