
Microsoft Visual Studio Solution File, Format Version 12.00
# Visual Studio Version 17
VisualStudioVersion = 17.4.33205.214
MinimumVisualStudioVersion = 10.0.40219.1
Project("{9A19103F-16F7-4668-BE54-9A1E7A4F7556}") = "dsstats.cli", "dsstats.cli.csproj", "{A133EAD3-CACB-4363-8592-A5EB2417DB53}"
EndProject
Project("{9A19103F-16F7-4668-BE54-9A1E7A4F7556}") = "pax.dsstats.parser", "..\pax.dsstats.parser\pax.dsstats.parser.csproj", "{757BFD05-003A-47FC-A508-5D7EB17FF3D8}"
EndProject
Project("{9A19103F-16F7-4668-BE54-9A1E7A4F7556}") = "pax.dsstats.shared", "..\pax.dsstats.shared\pax.dsstats.shared.csproj", "{4743F16F-71C1-4AD6-B868-6D30F138E576}"
EndProject
Project("{9A19103F-16F7-4668-BE54-9A1E7A4F7556}") = "pax.dsstats.dbng", "..\pax.dsstats.dbng\pax.dsstats.dbng.csproj", "{12CB8A35-C542-43B3-9DA1-11199A689714}"
EndProject
Project("{9A19103F-16F7-4668-BE54-9A1E7A4F7556}") = "dsstats.mmr", "..\dsstats.mmr\dsstats.mmr.csproj", "{2FC03633-FE31-48C5-BBE5-538CF8B75B19}"
EndProject
Global
	GlobalSection(SolutionConfigurationPlatforms) = preSolution
		Debug|Any CPU = Debug|Any CPU
		Release|Any CPU = Release|Any CPU
	EndGlobalSection
	GlobalSection(ProjectConfigurationPlatforms) = postSolution
		{A133EAD3-CACB-4363-8592-A5EB2417DB53}.Debug|Any CPU.ActiveCfg = Debug|Any CPU
		{A133EAD3-CACB-4363-8592-A5EB2417DB53}.Debug|Any CPU.Build.0 = Debug|Any CPU
		{A133EAD3-CACB-4363-8592-A5EB2417DB53}.Release|Any CPU.ActiveCfg = Release|Any CPU
		{A133EAD3-CACB-4363-8592-A5EB2417DB53}.Release|Any CPU.Build.0 = Release|Any CPU
		{757BFD05-003A-47FC-A508-5D7EB17FF3D8}.Debug|Any CPU.ActiveCfg = Debug|Any CPU
		{757BFD05-003A-47FC-A508-5D7EB17FF3D8}.Debug|Any CPU.Build.0 = Debug|Any CPU
		{757BFD05-003A-47FC-A508-5D7EB17FF3D8}.Release|Any CPU.ActiveCfg = Release|Any CPU
		{757BFD05-003A-47FC-A508-5D7EB17FF3D8}.Release|Any CPU.Build.0 = Release|Any CPU
		{4743F16F-71C1-4AD6-B868-6D30F138E576}.Debug|Any CPU.ActiveCfg = Debug|Any CPU
		{4743F16F-71C1-4AD6-B868-6D30F138E576}.Debug|Any CPU.Build.0 = Debug|Any CPU
		{4743F16F-71C1-4AD6-B868-6D30F138E576}.Release|Any CPU.ActiveCfg = Release|Any CPU
		{4743F16F-71C1-4AD6-B868-6D30F138E576}.Release|Any CPU.Build.0 = Release|Any CPU
		{12CB8A35-C542-43B3-9DA1-11199A689714}.Debug|Any CPU.ActiveCfg = Debug|Any CPU
		{12CB8A35-C542-43B3-9DA1-11199A689714}.Debug|Any CPU.Build.0 = Debug|Any CPU
		{12CB8A35-C542-43B3-9DA1-11199A689714}.Release|Any CPU.ActiveCfg = Release|Any CPU
		{12CB8A35-C542-43B3-9DA1-11199A689714}.Release|Any CPU.Build.0 = Release|Any CPU
		{2FC03633-FE31-48C5-BBE5-538CF8B75B19}.Debug|Any CPU.ActiveCfg = Debug|Any CPU
		{2FC03633-FE31-48C5-BBE5-538CF8B75B19}.Debug|Any CPU.Build.0 = Debug|Any CPU
		{2FC03633-FE31-48C5-BBE5-538CF8B75B19}.Release|Any CPU.ActiveCfg = Release|Any CPU
		{2FC03633-FE31-48C5-BBE5-538CF8B75B19}.Release|Any CPU.Build.0 = Release|Any CPU
	EndGlobalSection
	GlobalSection(SolutionProperties) = preSolution
		HideSolutionNode = FALSE
	EndGlobalSection
	GlobalSection(ExtensibilityGlobals) = postSolution
		SolutionGuid = {1053834C-5CCB-4B51-B295-3E57AF0C5146}
	EndGlobalSection
EndGlobal
