
Microsoft Visual Studio Solution File, Format Version 12.00
# Visual Studio Version 17
VisualStudioVersion = 17.5.002.0
MinimumVisualStudioVersion = 10.0.40219.1
Project("{9A19103F-16F7-4668-BE54-9A1E7A4F7556}") = "dsstats.cli", "dsstats.cli.csproj", "{588E8B92-B35F-4620-BCE8-0F559B72B3A2}"
EndProject
Project("{FAE04EC0-301F-11D3-BF4B-00C04F79EFBC}") = "dsstats.db8", "..\dsstats.db8\dsstats.db8.csproj", "{030079CD-51BE-4832-8694-F5132F0048D3}"
EndProject
Project("{FAE04EC0-301F-11D3-BF4B-00C04F79EFBC}") = "dsstats.shared", "..\dsstats.shared\dsstats.shared.csproj", "{A946ED47-39B0-4233-B55A-F910C701DC2B}"
EndProject
Project("{FAE04EC0-301F-11D3-BF4B-00C04F79EFBC}") = "dsstats.db8services", "..\dsstats.db8services\dsstats.db8services.csproj", "{F76670C5-35F4-45F4-A114-6380B215E560}"
EndProject
Global
	GlobalSection(SolutionConfigurationPlatforms) = preSolution
		Debug|Any CPU = Debug|Any CPU
		Release|Any CPU = Release|Any CPU
	EndGlobalSection
	GlobalSection(ProjectConfigurationPlatforms) = postSolution
		{588E8B92-B35F-4620-BCE8-0F559B72B3A2}.Debug|Any CPU.ActiveCfg = Debug|Any CPU
		{588E8B92-B35F-4620-BCE8-0F559B72B3A2}.Debug|Any CPU.Build.0 = Debug|Any CPU
		{588E8B92-B35F-4620-BCE8-0F559B72B3A2}.Release|Any CPU.ActiveCfg = Release|Any CPU
		{588E8B92-B35F-4620-BCE8-0F559B72B3A2}.Release|Any CPU.Build.0 = Release|Any CPU
		{030079CD-51BE-4832-8694-F5132F0048D3}.Debug|Any CPU.ActiveCfg = Debug|Any CPU
		{030079CD-51BE-4832-8694-F5132F0048D3}.Debug|Any CPU.Build.0 = Debug|Any CPU
		{030079CD-51BE-4832-8694-F5132F0048D3}.Release|Any CPU.ActiveCfg = Release|Any CPU
		{030079CD-51BE-4832-8694-F5132F0048D3}.Release|Any CPU.Build.0 = Release|Any CPU
		{A946ED47-39B0-4233-B55A-F910C701DC2B}.Debug|Any CPU.ActiveCfg = Debug|Any CPU
		{A946ED47-39B0-4233-B55A-F910C701DC2B}.Debug|Any CPU.Build.0 = Debug|Any CPU
		{A946ED47-39B0-4233-B55A-F910C701DC2B}.Release|Any CPU.ActiveCfg = Release|Any CPU
		{A946ED47-39B0-4233-B55A-F910C701DC2B}.Release|Any CPU.Build.0 = Release|Any CPU
		{F76670C5-35F4-45F4-A114-6380B215E560}.Debug|Any CPU.ActiveCfg = Debug|Any CPU
		{F76670C5-35F4-45F4-A114-6380B215E560}.Debug|Any CPU.Build.0 = Debug|Any CPU
		{F76670C5-35F4-45F4-A114-6380B215E560}.Release|Any CPU.ActiveCfg = Release|Any CPU
		{F76670C5-35F4-45F4-A114-6380B215E560}.Release|Any CPU.Build.0 = Release|Any CPU
	EndGlobalSection
	GlobalSection(SolutionProperties) = preSolution
		HideSolutionNode = FALSE
	EndGlobalSection
	GlobalSection(ExtensibilityGlobals) = postSolution
		SolutionGuid = {83BF7C14-B428-48DC-A46C-8B6D52E4192D}
	EndGlobalSection
EndGlobal
