
Microsoft Visual Studio Solution File, Format Version 12.00
# Visual Studio Version 17
VisualStudioVersion = 17.5.2.0
MinimumVisualStudioVersion = 10.0.40219.1
Project("{FAE04EC0-301F-11D3-BF4B-00C04F79EFBC}") = "dsstats.tests", "dsstats.tests.csproj", "{0F11F6C6-B4CA-7713-10FD-6F7575134329}"
EndProject
Project("{FAE04EC0-301F-11D3-BF4B-00C04F79EFBC}") = "dsstats.parser.tests", "..\dsstats.parser.tests\dsstats.parser.tests.csproj", "{BBFB5C9A-7164-4A36-B534-17DFACBA99B2}"
EndProject
Project("{FAE04EC0-301F-11D3-BF4B-00C04F79EFBC}") = "dsstats.parser", "..\..\common\dsstats.parser\dsstats.parser.csproj", "{7CEDE93C-9E36-432D-A5F9-5CB6B1CFEC84}"
EndProject
Project("{FAE04EC0-301F-11D3-BF4B-00C04F79EFBC}") = "dsstats.shared", "..\..\common\dsstats.shared\dsstats.shared.csproj", "{DA25A36D-4B01-411C-9852-14AA41D3BD9A}"
EndProject
Global
	GlobalSection(SolutionConfigurationPlatforms) = preSolution
		Debug|Any CPU = Debug|Any CPU
		Debug|x64 = Debug|x64
		Debug|x86 = Debug|x86
		Release|Any CPU = Release|Any CPU
		Release|x64 = Release|x64
		Release|x86 = Release|x86
	EndGlobalSection
	GlobalSection(ProjectConfigurationPlatforms) = postSolution
		{0F11F6C6-B4CA-7713-10FD-6F7575134329}.Debug|Any CPU.ActiveCfg = Debug|Any CPU
		{0F11F6C6-B4CA-7713-10FD-6F7575134329}.Debug|Any CPU.Build.0 = Debug|Any CPU
		{0F11F6C6-B4CA-7713-10FD-6F7575134329}.Debug|x64.ActiveCfg = Debug|Any CPU
		{0F11F6C6-B4CA-7713-10FD-6F7575134329}.Debug|x64.Build.0 = Debug|Any CPU
		{0F11F6C6-B4CA-7713-10FD-6F7575134329}.Debug|x86.ActiveCfg = Debug|Any CPU
		{0F11F6C6-B4CA-7713-10FD-6F7575134329}.Debug|x86.Build.0 = Debug|Any CPU
		{0F11F6C6-B4CA-7713-10FD-6F7575134329}.Release|Any CPU.ActiveCfg = Release|Any CPU
		{0F11F6C6-B4CA-7713-10FD-6F7575134329}.Release|Any CPU.Build.0 = Release|Any CPU
		{0F11F6C6-B4CA-7713-10FD-6F7575134329}.Release|x64.ActiveCfg = Release|Any CPU
		{0F11F6C6-B4CA-7713-10FD-6F7575134329}.Release|x64.Build.0 = Release|Any CPU
		{0F11F6C6-B4CA-7713-10FD-6F7575134329}.Release|x86.ActiveCfg = Release|Any CPU
		{0F11F6C6-B4CA-7713-10FD-6F7575134329}.Release|x86.Build.0 = Release|Any CPU
		{BBFB5C9A-7164-4A36-B534-17DFACBA99B2}.Debug|Any CPU.ActiveCfg = Debug|Any CPU
		{BBFB5C9A-7164-4A36-B534-17DFACBA99B2}.Debug|Any CPU.Build.0 = Debug|Any CPU
		{BBFB5C9A-7164-4A36-B534-17DFACBA99B2}.Debug|x64.ActiveCfg = Debug|Any CPU
		{BBFB5C9A-7164-4A36-B534-17DFACBA99B2}.Debug|x64.Build.0 = Debug|Any CPU
		{BBFB5C9A-7164-4A36-B534-17DFACBA99B2}.Debug|x86.ActiveCfg = Debug|Any CPU
		{BBFB5C9A-7164-4A36-B534-17DFACBA99B2}.Debug|x86.Build.0 = Debug|Any CPU
		{BBFB5C9A-7164-4A36-B534-17DFACBA99B2}.Release|Any CPU.ActiveCfg = Release|Any CPU
		{BBFB5C9A-7164-4A36-B534-17DFACBA99B2}.Release|Any CPU.Build.0 = Release|Any CPU
		{BBFB5C9A-7164-4A36-B534-17DFACBA99B2}.Release|x64.ActiveCfg = Release|Any CPU
		{BBFB5C9A-7164-4A36-B534-17DFACBA99B2}.Release|x64.Build.0 = Release|Any CPU
		{BBFB5C9A-7164-4A36-B534-17DFACBA99B2}.Release|x86.ActiveCfg = Release|Any CPU
		{BBFB5C9A-7164-4A36-B534-17DFACBA99B2}.Release|x86.Build.0 = Release|Any CPU
		{7CEDE93C-9E36-432D-A5F9-5CB6B1CFEC84}.Debug|Any CPU.ActiveCfg = Debug|Any CPU
		{7CEDE93C-9E36-432D-A5F9-5CB6B1CFEC84}.Debug|Any CPU.Build.0 = Debug|Any CPU
		{7CEDE93C-9E36-432D-A5F9-5CB6B1CFEC84}.Debug|x64.ActiveCfg = Debug|Any CPU
		{7CEDE93C-9E36-432D-A5F9-5CB6B1CFEC84}.Debug|x64.Build.0 = Debug|Any CPU
		{7CEDE93C-9E36-432D-A5F9-5CB6B1CFEC84}.Debug|x86.ActiveCfg = Debug|Any CPU
		{7CEDE93C-9E36-432D-A5F9-5CB6B1CFEC84}.Debug|x86.Build.0 = Debug|Any CPU
		{7CEDE93C-9E36-432D-A5F9-5CB6B1CFEC84}.Release|Any CPU.ActiveCfg = Release|Any CPU
		{7CEDE93C-9E36-432D-A5F9-5CB6B1CFEC84}.Release|Any CPU.Build.0 = Release|Any CPU
		{7CEDE93C-9E36-432D-A5F9-5CB6B1CFEC84}.Release|x64.ActiveCfg = Release|Any CPU
		{7CEDE93C-9E36-432D-A5F9-5CB6B1CFEC84}.Release|x64.Build.0 = Release|Any CPU
		{7CEDE93C-9E36-432D-A5F9-5CB6B1CFEC84}.Release|x86.ActiveCfg = Release|Any CPU
		{7CEDE93C-9E36-432D-A5F9-5CB6B1CFEC84}.Release|x86.Build.0 = Release|Any CPU
		{DA25A36D-4B01-411C-9852-14AA41D3BD9A}.Debug|Any CPU.ActiveCfg = Debug|Any CPU
		{DA25A36D-4B01-411C-9852-14AA41D3BD9A}.Debug|Any CPU.Build.0 = Debug|Any CPU
		{DA25A36D-4B01-411C-9852-14AA41D3BD9A}.Debug|x64.ActiveCfg = Debug|Any CPU
		{DA25A36D-4B01-411C-9852-14AA41D3BD9A}.Debug|x64.Build.0 = Debug|Any CPU
		{DA25A36D-4B01-411C-9852-14AA41D3BD9A}.Debug|x86.ActiveCfg = Debug|Any CPU
		{DA25A36D-4B01-411C-9852-14AA41D3BD9A}.Debug|x86.Build.0 = Debug|Any CPU
		{DA25A36D-4B01-411C-9852-14AA41D3BD9A}.Release|Any CPU.ActiveCfg = Release|Any CPU
		{DA25A36D-4B01-411C-9852-14AA41D3BD9A}.Release|Any CPU.Build.0 = Release|Any CPU
		{DA25A36D-4B01-411C-9852-14AA41D3BD9A}.Release|x64.ActiveCfg = Release|Any CPU
		{DA25A36D-4B01-411C-9852-14AA41D3BD9A}.Release|x64.Build.0 = Release|Any CPU
		{DA25A36D-4B01-411C-9852-14AA41D3BD9A}.Release|x86.ActiveCfg = Release|Any CPU
		{DA25A36D-4B01-411C-9852-14AA41D3BD9A}.Release|x86.Build.0 = Release|Any CPU
	EndGlobalSection
	GlobalSection(SolutionProperties) = preSolution
		HideSolutionNode = FALSE
	EndGlobalSection
	GlobalSection(ExtensibilityGlobals) = postSolution
		SolutionGuid = {BC4617AC-7775-40B5-B34E-3B30B6A8C7BB}
	EndGlobalSection
EndGlobal
