
Microsoft Visual Studio Solution File, Format Version 12.00
# Visual Studio Version 17
VisualStudioVersion = 17.5.002.0
MinimumVisualStudioVersion = 10.0.40219.1
Project("{9A19103F-16F7-4668-BE54-9A1E7A4F7556}") = "dsstats.worker", "dsstats.worker.csproj", "{3239DC55-99BC-4BB1-B14B-4C300F25AA8A}"
EndProject
Project("{FAE04EC0-301F-11D3-BF4B-00C04F79EFBC}") = "pax.dsstats.dbng", "..\..\pax.dsstats.dbng\pax.dsstats.dbng.csproj", "{211FD738-BEE7-442E-A654-52528ED1DADC}"
EndProject
Project("{FAE04EC0-301F-11D3-BF4B-00C04F79EFBC}") = "pax.dsstats.shared", "..\..\pax.dsstats.shared\pax.dsstats.shared.csproj", "{2D8F2905-70AA-47A3-92A9-20AF0C15F3BC}"
EndProject
Project("{FAE04EC0-301F-11D3-BF4B-00C04F79EFBC}") = "pax.dsstats.parser", "..\..\pax.dsstats.parser\pax.dsstats.parser.csproj", "{185FB077-95D9-47F0-AB92-47AC82DC7822}"
EndProject
Project("{FAE04EC0-301F-11D3-BF4B-00C04F79EFBC}") = "SqliteMigrations", "..\..\SqliteMigrations\SqliteMigrations.csproj", "{930DF525-2968-4210-8277-11E8FC300134}"
EndProject
Global
	GlobalSection(SolutionConfigurationPlatforms) = preSolution
		Debug|Any CPU = Debug|Any CPU
		Debug|ARM64 = Debug|ARM64
		Debug|x64 = Debug|x64
		Debug|x86 = Debug|x86
		Release|Any CPU = Release|Any CPU
		Release|ARM64 = Release|ARM64
		Release|x64 = Release|x64
		Release|x86 = Release|x86
	EndGlobalSection
	GlobalSection(ProjectConfigurationPlatforms) = postSolution
		{3239DC55-99BC-4BB1-B14B-4C300F25AA8A}.Debug|Any CPU.ActiveCfg = Debug|Any CPU
		{3239DC55-99BC-4BB1-B14B-4C300F25AA8A}.Debug|Any CPU.Build.0 = Debug|Any CPU
		{3239DC55-99BC-4BB1-B14B-4C300F25AA8A}.Debug|ARM64.ActiveCfg = Debug|Any CPU
		{3239DC55-99BC-4BB1-B14B-4C300F25AA8A}.Debug|ARM64.Build.0 = Debug|Any CPU
		{3239DC55-99BC-4BB1-B14B-4C300F25AA8A}.Debug|x64.ActiveCfg = Debug|Any CPU
		{3239DC55-99BC-4BB1-B14B-4C300F25AA8A}.Debug|x64.Build.0 = Debug|Any CPU
		{3239DC55-99BC-4BB1-B14B-4C300F25AA8A}.Debug|x86.ActiveCfg = Debug|Any CPU
		{3239DC55-99BC-4BB1-B14B-4C300F25AA8A}.Debug|x86.Build.0 = Debug|Any CPU
		{3239DC55-99BC-4BB1-B14B-4C300F25AA8A}.Release|Any CPU.ActiveCfg = Release|Any CPU
		{3239DC55-99BC-4BB1-B14B-4C300F25AA8A}.Release|Any CPU.Build.0 = Release|Any CPU
		{3239DC55-99BC-4BB1-B14B-4C300F25AA8A}.Release|ARM64.ActiveCfg = Release|Any CPU
		{3239DC55-99BC-4BB1-B14B-4C300F25AA8A}.Release|ARM64.Build.0 = Release|Any CPU
		{3239DC55-99BC-4BB1-B14B-4C300F25AA8A}.Release|x64.ActiveCfg = Release|Any CPU
		{3239DC55-99BC-4BB1-B14B-4C300F25AA8A}.Release|x64.Build.0 = Release|Any CPU
		{3239DC55-99BC-4BB1-B14B-4C300F25AA8A}.Release|x86.ActiveCfg = Release|Any CPU
		{3239DC55-99BC-4BB1-B14B-4C300F25AA8A}.Release|x86.Build.0 = Release|Any CPU
		{B2FA6509-B788-4DFE-84DE-67334075501B}.Debug|Any CPU.ActiveCfg = Debug|x64
		{B2FA6509-B788-4DFE-84DE-67334075501B}.Debug|Any CPU.Build.0 = Debug|x64
		{B2FA6509-B788-4DFE-84DE-67334075501B}.Debug|ARM64.ActiveCfg = Debug|ARM64
		{B2FA6509-B788-4DFE-84DE-67334075501B}.Debug|ARM64.Build.0 = Debug|ARM64
		{B2FA6509-B788-4DFE-84DE-67334075501B}.Debug|x64.ActiveCfg = Debug|x64
		{B2FA6509-B788-4DFE-84DE-67334075501B}.Debug|x64.Build.0 = Debug|x64
		{B2FA6509-B788-4DFE-84DE-67334075501B}.Debug|x86.ActiveCfg = Debug|x86
		{B2FA6509-B788-4DFE-84DE-67334075501B}.Debug|x86.Build.0 = Debug|x86
		{B2FA6509-B788-4DFE-84DE-67334075501B}.Release|Any CPU.ActiveCfg = Release|x64
		{B2FA6509-B788-4DFE-84DE-67334075501B}.Release|Any CPU.Build.0 = Release|x64
		{B2FA6509-B788-4DFE-84DE-67334075501B}.Release|ARM64.ActiveCfg = Release|ARM64
		{B2FA6509-B788-4DFE-84DE-67334075501B}.Release|ARM64.Build.0 = Release|ARM64
		{B2FA6509-B788-4DFE-84DE-67334075501B}.Release|x64.ActiveCfg = Release|x64
		{B2FA6509-B788-4DFE-84DE-67334075501B}.Release|x64.Build.0 = Release|x64
		{B2FA6509-B788-4DFE-84DE-67334075501B}.Release|x86.ActiveCfg = Release|x86
		{B2FA6509-B788-4DFE-84DE-67334075501B}.Release|x86.Build.0 = Release|x86
		{211FD738-BEE7-442E-A654-52528ED1DADC}.Debug|Any CPU.ActiveCfg = Debug|Any CPU
		{211FD738-BEE7-442E-A654-52528ED1DADC}.Debug|Any CPU.Build.0 = Debug|Any CPU
		{211FD738-BEE7-442E-A654-52528ED1DADC}.Debug|ARM64.ActiveCfg = Debug|Any CPU
		{211FD738-BEE7-442E-A654-52528ED1DADC}.Debug|ARM64.Build.0 = Debug|Any CPU
		{211FD738-BEE7-442E-A654-52528ED1DADC}.Debug|x64.ActiveCfg = Debug|Any CPU
		{211FD738-BEE7-442E-A654-52528ED1DADC}.Debug|x64.Build.0 = Debug|Any CPU
		{211FD738-BEE7-442E-A654-52528ED1DADC}.Debug|x86.ActiveCfg = Debug|Any CPU
		{211FD738-BEE7-442E-A654-52528ED1DADC}.Debug|x86.Build.0 = Debug|Any CPU
		{211FD738-BEE7-442E-A654-52528ED1DADC}.Release|Any CPU.ActiveCfg = Release|Any CPU
		{211FD738-BEE7-442E-A654-52528ED1DADC}.Release|Any CPU.Build.0 = Release|Any CPU
		{211FD738-BEE7-442E-A654-52528ED1DADC}.Release|ARM64.ActiveCfg = Release|Any CPU
		{211FD738-BEE7-442E-A654-52528ED1DADC}.Release|ARM64.Build.0 = Release|Any CPU
		{211FD738-BEE7-442E-A654-52528ED1DADC}.Release|x64.ActiveCfg = Release|Any CPU
		{211FD738-BEE7-442E-A654-52528ED1DADC}.Release|x64.Build.0 = Release|Any CPU
		{211FD738-BEE7-442E-A654-52528ED1DADC}.Release|x86.ActiveCfg = Release|Any CPU
		{211FD738-BEE7-442E-A654-52528ED1DADC}.Release|x86.Build.0 = Release|Any CPU
		{2D8F2905-70AA-47A3-92A9-20AF0C15F3BC}.Debug|Any CPU.ActiveCfg = Debug|Any CPU
		{2D8F2905-70AA-47A3-92A9-20AF0C15F3BC}.Debug|Any CPU.Build.0 = Debug|Any CPU
		{2D8F2905-70AA-47A3-92A9-20AF0C15F3BC}.Debug|ARM64.ActiveCfg = Debug|Any CPU
		{2D8F2905-70AA-47A3-92A9-20AF0C15F3BC}.Debug|ARM64.Build.0 = Debug|Any CPU
		{2D8F2905-70AA-47A3-92A9-20AF0C15F3BC}.Debug|x64.ActiveCfg = Debug|Any CPU
		{2D8F2905-70AA-47A3-92A9-20AF0C15F3BC}.Debug|x64.Build.0 = Debug|Any CPU
		{2D8F2905-70AA-47A3-92A9-20AF0C15F3BC}.Debug|x86.ActiveCfg = Debug|Any CPU
		{2D8F2905-70AA-47A3-92A9-20AF0C15F3BC}.Debug|x86.Build.0 = Debug|Any CPU
		{2D8F2905-70AA-47A3-92A9-20AF0C15F3BC}.Release|Any CPU.ActiveCfg = Release|Any CPU
		{2D8F2905-70AA-47A3-92A9-20AF0C15F3BC}.Release|Any CPU.Build.0 = Release|Any CPU
		{2D8F2905-70AA-47A3-92A9-20AF0C15F3BC}.Release|ARM64.ActiveCfg = Release|Any CPU
		{2D8F2905-70AA-47A3-92A9-20AF0C15F3BC}.Release|ARM64.Build.0 = Release|Any CPU
		{2D8F2905-70AA-47A3-92A9-20AF0C15F3BC}.Release|x64.ActiveCfg = Release|Any CPU
		{2D8F2905-70AA-47A3-92A9-20AF0C15F3BC}.Release|x64.Build.0 = Release|Any CPU
		{2D8F2905-70AA-47A3-92A9-20AF0C15F3BC}.Release|x86.ActiveCfg = Release|Any CPU
		{2D8F2905-70AA-47A3-92A9-20AF0C15F3BC}.Release|x86.Build.0 = Release|Any CPU
		{185FB077-95D9-47F0-AB92-47AC82DC7822}.Debug|Any CPU.ActiveCfg = Debug|Any CPU
		{185FB077-95D9-47F0-AB92-47AC82DC7822}.Debug|Any CPU.Build.0 = Debug|Any CPU
		{185FB077-95D9-47F0-AB92-47AC82DC7822}.Debug|ARM64.ActiveCfg = Debug|Any CPU
		{185FB077-95D9-47F0-AB92-47AC82DC7822}.Debug|ARM64.Build.0 = Debug|Any CPU
		{185FB077-95D9-47F0-AB92-47AC82DC7822}.Debug|x64.ActiveCfg = Debug|Any CPU
		{185FB077-95D9-47F0-AB92-47AC82DC7822}.Debug|x64.Build.0 = Debug|Any CPU
		{185FB077-95D9-47F0-AB92-47AC82DC7822}.Debug|x86.ActiveCfg = Debug|Any CPU
		{185FB077-95D9-47F0-AB92-47AC82DC7822}.Debug|x86.Build.0 = Debug|Any CPU
		{185FB077-95D9-47F0-AB92-47AC82DC7822}.Release|Any CPU.ActiveCfg = Release|Any CPU
		{185FB077-95D9-47F0-AB92-47AC82DC7822}.Release|Any CPU.Build.0 = Release|Any CPU
		{185FB077-95D9-47F0-AB92-47AC82DC7822}.Release|ARM64.ActiveCfg = Release|Any CPU
		{185FB077-95D9-47F0-AB92-47AC82DC7822}.Release|ARM64.Build.0 = Release|Any CPU
		{185FB077-95D9-47F0-AB92-47AC82DC7822}.Release|x64.ActiveCfg = Release|Any CPU
		{185FB077-95D9-47F0-AB92-47AC82DC7822}.Release|x64.Build.0 = Release|Any CPU
		{185FB077-95D9-47F0-AB92-47AC82DC7822}.Release|x86.ActiveCfg = Release|Any CPU
		{185FB077-95D9-47F0-AB92-47AC82DC7822}.Release|x86.Build.0 = Release|Any CPU
		{930DF525-2968-4210-8277-11E8FC300134}.Debug|Any CPU.ActiveCfg = Debug|Any CPU
		{930DF525-2968-4210-8277-11E8FC300134}.Debug|Any CPU.Build.0 = Debug|Any CPU
		{930DF525-2968-4210-8277-11E8FC300134}.Debug|ARM64.ActiveCfg = Debug|Any CPU
		{930DF525-2968-4210-8277-11E8FC300134}.Debug|ARM64.Build.0 = Debug|Any CPU
		{930DF525-2968-4210-8277-11E8FC300134}.Debug|x64.ActiveCfg = Debug|Any CPU
		{930DF525-2968-4210-8277-11E8FC300134}.Debug|x64.Build.0 = Debug|Any CPU
		{930DF525-2968-4210-8277-11E8FC300134}.Debug|x86.ActiveCfg = Debug|Any CPU
		{930DF525-2968-4210-8277-11E8FC300134}.Debug|x86.Build.0 = Debug|Any CPU
		{930DF525-2968-4210-8277-11E8FC300134}.Release|Any CPU.ActiveCfg = Release|Any CPU
		{930DF525-2968-4210-8277-11E8FC300134}.Release|Any CPU.Build.0 = Release|Any CPU
		{930DF525-2968-4210-8277-11E8FC300134}.Release|ARM64.ActiveCfg = Release|Any CPU
		{930DF525-2968-4210-8277-11E8FC300134}.Release|ARM64.Build.0 = Release|Any CPU
		{930DF525-2968-4210-8277-11E8FC300134}.Release|x64.ActiveCfg = Release|Any CPU
		{930DF525-2968-4210-8277-11E8FC300134}.Release|x64.Build.0 = Release|Any CPU
		{930DF525-2968-4210-8277-11E8FC300134}.Release|x86.ActiveCfg = Release|Any CPU
		{930DF525-2968-4210-8277-11E8FC300134}.Release|x86.Build.0 = Release|Any CPU
	EndGlobalSection
	GlobalSection(SolutionProperties) = preSolution
		HideSolutionNode = FALSE
	EndGlobalSection
	GlobalSection(ExtensibilityGlobals) = postSolution
		SolutionGuid = {1BB29071-5033-4382-9389-16B35EC0F855}
	EndGlobalSection
EndGlobal
