
Microsoft Visual Studio Solution File, Format Version 12.00
# Visual Studio Version 17
VisualStudioVersion = 17.5.002.0
MinimumVisualStudioVersion = 10.0.40219.1
Project("{9A19103F-16F7-4668-BE54-9A1E7A4F7556}") = "dsstats.worker", "dsstats.worker.csproj", "{3239DC55-99BC-4BB1-B14B-4C300F25AA8A}"
EndProject
Project("{B7DD6F7E-DEF8-4E67-B5B7-07EF123DB6F0}") = "dsstats.installer", "..\dsstats.installer\dsstats.installer.wixproj", "{B2FA6509-B788-4DFE-84DE-67334075501B}"
EndProject
Global
	GlobalSection(SolutionConfigurationPlatforms) = preSolution
		Debug|Any CPU = Debug|Any CPU
		Debug|ARM64 = Debug|ARM64
		Debug|x64 = Debug|x64
		Debug|x86 = Debug|x86
		Release|Any CPU = Release|Any CPU
		Release|ARM64 = Release|ARM64
		Release|x64 = Release|x64
		Release|x86 = Release|x86
	EndGlobalSection
	GlobalSection(ProjectConfigurationPlatforms) = postSolution
		{3239DC55-99BC-4BB1-B14B-4C300F25AA8A}.Debug|Any CPU.ActiveCfg = Debug|Any CPU
		{3239DC55-99BC-4BB1-B14B-4C300F25AA8A}.Debug|Any CPU.Build.0 = Debug|Any CPU
		{3239DC55-99BC-4BB1-B14B-4C300F25AA8A}.Debug|ARM64.ActiveCfg = Debug|Any CPU
		{3239DC55-99BC-4BB1-B14B-4C300F25AA8A}.Debug|ARM64.Build.0 = Debug|Any CPU
		{3239DC55-99BC-4BB1-B14B-4C300F25AA8A}.Debug|x64.ActiveCfg = Debug|Any CPU
		{3239DC55-99BC-4BB1-B14B-4C300F25AA8A}.Debug|x64.Build.0 = Debug|Any CPU
		{3239DC55-99BC-4BB1-B14B-4C300F25AA8A}.Debug|x86.ActiveCfg = Debug|Any CPU
		{3239DC55-99BC-4BB1-B14B-4C300F25AA8A}.Debug|x86.Build.0 = Debug|Any CPU
		{3239DC55-99BC-4BB1-B14B-4C300F25AA8A}.Release|Any CPU.ActiveCfg = Release|Any CPU
		{3239DC55-99BC-4BB1-B14B-4C300F25AA8A}.Release|Any CPU.Build.0 = Release|Any CPU
		{3239DC55-99BC-4BB1-B14B-4C300F25AA8A}.Release|ARM64.ActiveCfg = Release|Any CPU
		{3239DC55-99BC-4BB1-B14B-4C300F25AA8A}.Release|ARM64.Build.0 = Release|Any CPU
		{3239DC55-99BC-4BB1-B14B-4C300F25AA8A}.Release|x64.ActiveCfg = Release|Any CPU
		{3239DC55-99BC-4BB1-B14B-4C300F25AA8A}.Release|x64.Build.0 = Release|Any CPU
		{3239DC55-99BC-4BB1-B14B-4C300F25AA8A}.Release|x86.ActiveCfg = Release|Any CPU
		{3239DC55-99BC-4BB1-B14B-4C300F25AA8A}.Release|x86.Build.0 = Release|Any CPU
		{B2FA6509-B788-4DFE-84DE-67334075501B}.Debug|Any CPU.ActiveCfg = Debug|x64
		{B2FA6509-B788-4DFE-84DE-67334075501B}.Debug|Any CPU.Build.0 = Debug|x64
		{B2FA6509-B788-4DFE-84DE-67334075501B}.Debug|ARM64.ActiveCfg = Debug|ARM64
		{B2FA6509-B788-4DFE-84DE-67334075501B}.Debug|ARM64.Build.0 = Debug|ARM64
		{B2FA6509-B788-4DFE-84DE-67334075501B}.Debug|x64.ActiveCfg = Debug|x64
		{B2FA6509-B788-4DFE-84DE-67334075501B}.Debug|x64.Build.0 = Debug|x64
		{B2FA6509-B788-4DFE-84DE-67334075501B}.Debug|x86.ActiveCfg = Debug|x86
		{B2FA6509-B788-4DFE-84DE-67334075501B}.Debug|x86.Build.0 = Debug|x86
		{B2FA6509-B788-4DFE-84DE-67334075501B}.Release|Any CPU.ActiveCfg = Release|x64
		{B2FA6509-B788-4DFE-84DE-67334075501B}.Release|Any CPU.Build.0 = Release|x64
		{B2FA6509-B788-4DFE-84DE-67334075501B}.Release|ARM64.ActiveCfg = Release|ARM64
		{B2FA6509-B788-4DFE-84DE-67334075501B}.Release|ARM64.Build.0 = Release|ARM64
		{B2FA6509-B788-4DFE-84DE-67334075501B}.Release|x64.ActiveCfg = Release|x64
		{B2FA6509-B788-4DFE-84DE-67334075501B}.Release|x64.Build.0 = Release|x64
		{B2FA6509-B788-4DFE-84DE-67334075501B}.Release|x86.ActiveCfg = Release|x86
		{B2FA6509-B788-4DFE-84DE-67334075501B}.Release|x86.Build.0 = Release|x86
	EndGlobalSection
	GlobalSection(SolutionProperties) = preSolution
		HideSolutionNode = FALSE
	EndGlobalSection
	GlobalSection(ExtensibilityGlobals) = postSolution
		SolutionGuid = {1BB29071-5033-4382-9389-16B35EC0F855}
	EndGlobalSection
EndGlobal
