
Microsoft Visual Studio Solution File, Format Version 12.00
# Visual Studio Version 17
VisualStudioVersion = 17.8.34205.153
MinimumVisualStudioVersion = 10.0.40219.1
Project("{9A19103F-16F7-4668-BE54-9A1E7A4F7556}") = "dsstats.maui", "dsstats.maui\dsstats.maui.csproj", "{8CEBF6BC-8C3D-422C-8543-9FDAC086BDF9}"
EndProject
Project("{9A19103F-16F7-4668-BE54-9A1E7A4F7556}") = "dsstats.shared", "..\dsstats.shared\dsstats.shared.csproj", "{9A011B23-28DC-4297-AE7F-250EB84BE585}"
EndProject
Project("{9A19103F-16F7-4668-BE54-9A1E7A4F7556}") = "dsstats.razorlib", "..\dsstats.razorlib\dsstats.razorlib.csproj", "{BD582172-5762-4473-962D-7B02528C0240}"
EndProject
Project("{9A19103F-16F7-4668-BE54-9A1E7A4F7556}") = "SqliteMigrations", "SqliteMigrations\SqliteMigrations.csproj", "{4FC15E8B-FDEA-4D47-A2E8-D8DD28720265}"
EndProject
Project("{9A19103F-16F7-4668-BE54-9A1E7A4F7556}") = "dsstats.apiServices", "..\dsstats.apiServices\dsstats.apiServices.csproj", "{7BD8F4B1-510B-41A8-9EB7-5522E13A66D6}"
EndProject
Project("{9A19103F-16F7-4668-BE54-9A1E7A4F7556}") = "pax.dsstats.parser", "pax.dsstats.parser\pax.dsstats.parser.csproj", "{78ADDFD7-5F94-427D-9F68-D2A98065BC12}"
EndProject
Project("{9A19103F-16F7-4668-BE54-9A1E7A4F7556}") = "dsstats.ratings.lib", "..\dsstats.ratings.lib\dsstats.ratings.lib.csproj", "{7AD67D6A-B97D-44C8-B0AC-74C696A09858}"
EndProject
Project("{9A19103F-16F7-4668-BE54-9A1E7A4F7556}") = "dsstats.db8", "..\dsstats.db8\dsstats.db8.csproj", "{F85E0F09-F94F-4A44-9B98-0C33F1CAF42E}"
EndProject
Project("{9A19103F-16F7-4668-BE54-9A1E7A4F7556}") = "dsstats.db8services", "..\dsstats.db8services\dsstats.db8services.csproj", "{1E113298-F381-4915-B0FE-47A71ADB4E3D}"
EndProject
Project("{9A19103F-16F7-4668-BE54-9A1E7A4F7556}") = "dsstats.ratings.tests", "..\tests\dsstats.ratings.tests\dsstats.ratings.tests.csproj", "{088BFC89-F821-47C8-910F-B6D5D43FC089}"
EndProject
Project("{9A19103F-16F7-4668-BE54-9A1E7A4F7556}") = "MysqlMigrations", "..\MysqlMigrations\MysqlMigrations.csproj", "{D6B0361B-1C42-4576-A540-4082E432F920}"
EndProject
Global
	GlobalSection(SolutionConfigurationPlatforms) = preSolution
		Debug|Any CPU = Debug|Any CPU
		Release|Any CPU = Release|Any CPU
	EndGlobalSection
	GlobalSection(ProjectConfigurationPlatforms) = postSolution
		{8CEBF6BC-8C3D-422C-8543-9FDAC086BDF9}.Debug|Any CPU.ActiveCfg = Debug|Any CPU
		{8CEBF6BC-8C3D-422C-8543-9FDAC086BDF9}.Debug|Any CPU.Build.0 = Debug|Any CPU
		{8CEBF6BC-8C3D-422C-8543-9FDAC086BDF9}.Debug|Any CPU.Deploy.0 = Debug|Any CPU
		{8CEBF6BC-8C3D-422C-8543-9FDAC086BDF9}.Release|Any CPU.ActiveCfg = Release|Any CPU
		{8CEBF6BC-8C3D-422C-8543-9FDAC086BDF9}.Release|Any CPU.Build.0 = Release|Any CPU
		{8CEBF6BC-8C3D-422C-8543-9FDAC086BDF9}.Release|Any CPU.Deploy.0 = Release|Any CPU
		{9A011B23-28DC-4297-AE7F-250EB84BE585}.Debug|Any CPU.ActiveCfg = Debug|Any CPU
		{9A011B23-28DC-4297-AE7F-250EB84BE585}.Debug|Any CPU.Build.0 = Debug|Any CPU
		{9A011B23-28DC-4297-AE7F-250EB84BE585}.Release|Any CPU.ActiveCfg = Release|Any CPU
		{9A011B23-28DC-4297-AE7F-250EB84BE585}.Release|Any CPU.Build.0 = Release|Any CPU
		{BD582172-5762-4473-962D-7B02528C0240}.Debug|Any CPU.ActiveCfg = Debug|Any CPU
		{BD582172-5762-4473-962D-7B02528C0240}.Debug|Any CPU.Build.0 = Debug|Any CPU
		{BD582172-5762-4473-962D-7B02528C0240}.Release|Any CPU.ActiveCfg = Release|Any CPU
		{BD582172-5762-4473-962D-7B02528C0240}.Release|Any CPU.Build.0 = Release|Any CPU
		{4FC15E8B-FDEA-4D47-A2E8-D8DD28720265}.Debug|Any CPU.ActiveCfg = Debug|Any CPU
		{4FC15E8B-FDEA-4D47-A2E8-D8DD28720265}.Debug|Any CPU.Build.0 = Debug|Any CPU
		{4FC15E8B-FDEA-4D47-A2E8-D8DD28720265}.Release|Any CPU.ActiveCfg = Release|Any CPU
		{4FC15E8B-FDEA-4D47-A2E8-D8DD28720265}.Release|Any CPU.Build.0 = Release|Any CPU
		{7BD8F4B1-510B-41A8-9EB7-5522E13A66D6}.Debug|Any CPU.ActiveCfg = Debug|Any CPU
		{7BD8F4B1-510B-41A8-9EB7-5522E13A66D6}.Debug|Any CPU.Build.0 = Debug|Any CPU
		{7BD8F4B1-510B-41A8-9EB7-5522E13A66D6}.Release|Any CPU.ActiveCfg = Release|Any CPU
		{7BD8F4B1-510B-41A8-9EB7-5522E13A66D6}.Release|Any CPU.Build.0 = Release|Any CPU
		{78ADDFD7-5F94-427D-9F68-D2A98065BC12}.Debug|Any CPU.ActiveCfg = Debug|Any CPU
		{78ADDFD7-5F94-427D-9F68-D2A98065BC12}.Debug|Any CPU.Build.0 = Debug|Any CPU
		{78ADDFD7-5F94-427D-9F68-D2A98065BC12}.Release|Any CPU.ActiveCfg = Release|Any CPU
		{78ADDFD7-5F94-427D-9F68-D2A98065BC12}.Release|Any CPU.Build.0 = Release|Any CPU
		{7AD67D6A-B97D-44C8-B0AC-74C696A09858}.Debug|Any CPU.ActiveCfg = Debug|Any CPU
		{7AD67D6A-B97D-44C8-B0AC-74C696A09858}.Debug|Any CPU.Build.0 = Debug|Any CPU
		{7AD67D6A-B97D-44C8-B0AC-74C696A09858}.Release|Any CPU.ActiveCfg = Release|Any CPU
		{7AD67D6A-B97D-44C8-B0AC-74C696A09858}.Release|Any CPU.Build.0 = Release|Any CPU
		{F85E0F09-F94F-4A44-9B98-0C33F1CAF42E}.Debug|Any CPU.ActiveCfg = Debug|Any CPU
		{F85E0F09-F94F-4A44-9B98-0C33F1CAF42E}.Debug|Any CPU.Build.0 = Debug|Any CPU
		{F85E0F09-F94F-4A44-9B98-0C33F1CAF42E}.Release|Any CPU.ActiveCfg = Release|Any CPU
		{F85E0F09-F94F-4A44-9B98-0C33F1CAF42E}.Release|Any CPU.Build.0 = Release|Any CPU
		{1E113298-F381-4915-B0FE-47A71ADB4E3D}.Debug|Any CPU.ActiveCfg = Debug|Any CPU
		{1E113298-F381-4915-B0FE-47A71ADB4E3D}.Debug|Any CPU.Build.0 = Debug|Any CPU
		{1E113298-F381-4915-B0FE-47A71ADB4E3D}.Release|Any CPU.ActiveCfg = Release|Any CPU
		{1E113298-F381-4915-B0FE-47A71ADB4E3D}.Release|Any CPU.Build.0 = Release|Any CPU
		{088BFC89-F821-47C8-910F-B6D5D43FC089}.Debug|Any CPU.ActiveCfg = Debug|Any CPU
		{088BFC89-F821-47C8-910F-B6D5D43FC089}.Debug|Any CPU.Build.0 = Debug|Any CPU
		{088BFC89-F821-47C8-910F-B6D5D43FC089}.Release|Any CPU.ActiveCfg = Release|Any CPU
		{088BFC89-F821-47C8-910F-B6D5D43FC089}.Release|Any CPU.Build.0 = Release|Any CPU
		{D6B0361B-1C42-4576-A540-4082E432F920}.Debug|Any CPU.ActiveCfg = Debug|Any CPU
		{D6B0361B-1C42-4576-A540-4082E432F920}.Debug|Any CPU.Build.0 = Debug|Any CPU
		{D6B0361B-1C42-4576-A540-4082E432F920}.Release|Any CPU.ActiveCfg = Release|Any CPU
		{D6B0361B-1C42-4576-A540-4082E432F920}.Release|Any CPU.Build.0 = Release|Any CPU
	EndGlobalSection
	GlobalSection(SolutionProperties) = preSolution
		HideSolutionNode = FALSE
	EndGlobalSection
	GlobalSection(ExtensibilityGlobals) = postSolution
		SolutionGuid = {DF666597-C5AB-4E5C-92BA-FEFCC266BC01}
	EndGlobalSection
EndGlobal
