
Microsoft Visual Studio Solution File, Format Version 12.00
# Visual Studio Version 17
VisualStudioVersion = 17.4.33110.190
MinimumVisualStudioVersion = 10.0.40219.1
Project("{9A19103F-16F7-4668-BE54-9A1E7A4F7556}") = "dsstats.installer", "dsstats.installer.csproj", "{E344DA0F-628B-4293-B56E-3CFB69F4EFB4}"
EndProject
Global
	GlobalSection(SolutionConfigurationPlatforms) = preSolution
		Debug|Any CPU = Debug|Any CPU
		Release|Any CPU = Release|Any CPU
	EndGlobalSection
	GlobalSection(ProjectConfigurationPlatforms) = postSolution
		{E344DA0F-628B-4293-B56E-3CFB69F4EFB4}.Debug|Any CPU.ActiveCfg = Debug|Any CPU
		{E344DA0F-628B-4293-B56E-3CFB69F4EFB4}.Debug|Any CPU.Build.0 = Debug|Any CPU
		{E344DA0F-628B-4293-B56E-3CFB69F4EFB4}.Release|Any CPU.ActiveCfg = Release|Any CPU
		{E344DA0F-628B-4293-B56E-3CFB69F4EFB4}.Release|Any CPU.Build.0 = Release|Any CPU
	EndGlobalSection
	GlobalSection(SolutionProperties) = preSolution
		HideSolutionNode = FALSE
	EndGlobalSection
	GlobalSection(ExtensibilityGlobals) = postSolution
		SolutionGuid = {8A227081-2925-4B14-A8CC-647806B6F55F}
	EndGlobalSection
EndGlobal
