
Microsoft Visual Studio Solution File, Format Version 12.00
# Visual Studio Version 17
VisualStudioVersion = 17.0.31903.59
MinimumVisualStudioVersion = 10.0.40219.1
Project("{2150E333-8FDC-42A3-9474-1A3956D46DE8}") = "src", "src", "{827E0CD3-B72D-47B6-A68D-7590B98EB39B}"
EndProject
Project("{FAE04EC0-301F-11D3-BF4B-00C04F79EFBC}") = "dsstats.db", "src\dsstats.db\dsstats.db.csproj", "{585EEE3D-C805-47C1-9866-58531CC5EDF8}"
EndProject
Project("{FAE04EC0-301F-11D3-BF4B-00C04F79EFBC}") = "MySqlMigrations", "src\MySqlMigrations\MySqlMigrations.csproj", "{685CBBDC-28AF-4B2E-89E4-C3C39B2867BD}"
EndProject
Project("{FAE04EC0-301F-11D3-BF4B-00C04F79EFBC}") = "dsstats.db.Services", "src\dsstats.db.Services\dsstats.db.Services.csproj", "{BE1AEDA8-05C8-440B-BA08-47E61726D415}"
EndProject
Project("{FAE04EC0-301F-11D3-BF4B-00C04F79EFBC}") = "dsstats.cli", "src\dsstats.cli\dsstats.cli.csproj", "{ED6767E3-86D1-4AEC-876A-DBC733A3D1B5}"
EndProject
Project("{FAE04EC0-301F-11D3-BF4B-00C04F79EFBC}") = "dsstats.db.Tests", "src\dsstats.db.Tests\dsstats.db.Tests.csproj", "{C661AA91-7935-488B-8067-897025869E4E}"
EndProject
Project("{FAE04EC0-301F-11D3-BF4B-00C04F79EFBC}") = "dsstats.shared8", "src\dsstats.shared8\dsstats.shared8.csproj", "{8847AF50-BAFD-46AB-9132-FB5174BB5D53}"
EndProject
Global
	GlobalSection(SolutionConfigurationPlatforms) = preSolution
		Debug|Any CPU = Debug|Any CPU
		Debug|x64 = Debug|x64
		Debug|x86 = Debug|x86
		Release|Any CPU = Release|Any CPU
		Release|x64 = Release|x64
		Release|x86 = Release|x86
	EndGlobalSection
	GlobalSection(ProjectConfigurationPlatforms) = postSolution
		{585EEE3D-C805-47C1-9866-58531CC5EDF8}.Debug|Any CPU.ActiveCfg = Debug|Any CPU
		{585EEE3D-C805-47C1-9866-58531CC5EDF8}.Debug|Any CPU.Build.0 = Debug|Any CPU
		{585EEE3D-C805-47C1-9866-58531CC5EDF8}.Debug|x64.ActiveCfg = Debug|Any CPU
		{585EEE3D-C805-47C1-9866-58531CC5EDF8}.Debug|x64.Build.0 = Debug|Any CPU
		{585EEE3D-C805-47C1-9866-58531CC5EDF8}.Debug|x86.ActiveCfg = Debug|Any CPU
		{585EEE3D-C805-47C1-9866-58531CC5EDF8}.Debug|x86.Build.0 = Debug|Any CPU
		{585EEE3D-C805-47C1-9866-58531CC5EDF8}.Release|Any CPU.ActiveCfg = Release|Any CPU
		{585EEE3D-C805-47C1-9866-58531CC5EDF8}.Release|Any CPU.Build.0 = Release|Any CPU
		{585EEE3D-C805-47C1-9866-58531CC5EDF8}.Release|x64.ActiveCfg = Release|Any CPU
		{585EEE3D-C805-47C1-9866-58531CC5EDF8}.Release|x64.Build.0 = Release|Any CPU
		{585EEE3D-C805-47C1-9866-58531CC5EDF8}.Release|x86.ActiveCfg = Release|Any CPU
		{585EEE3D-C805-47C1-9866-58531CC5EDF8}.Release|x86.Build.0 = Release|Any CPU
		{685CBBDC-28AF-4B2E-89E4-C3C39B2867BD}.Debug|Any CPU.ActiveCfg = Debug|Any CPU
		{685CBBDC-28AF-4B2E-89E4-C3C39B2867BD}.Debug|Any CPU.Build.0 = Debug|Any CPU
		{685CBBDC-28AF-4B2E-89E4-C3C39B2867BD}.Debug|x64.ActiveCfg = Debug|Any CPU
		{685CBBDC-28AF-4B2E-89E4-C3C39B2867BD}.Debug|x64.Build.0 = Debug|Any CPU
		{685CBBDC-28AF-4B2E-89E4-C3C39B2867BD}.Debug|x86.ActiveCfg = Debug|Any CPU
		{685CBBDC-28AF-4B2E-89E4-C3C39B2867BD}.Debug|x86.Build.0 = Debug|Any CPU
		{685CBBDC-28AF-4B2E-89E4-C3C39B2867BD}.Release|Any CPU.ActiveCfg = Release|Any CPU
		{685CBBDC-28AF-4B2E-89E4-C3C39B2867BD}.Release|Any CPU.Build.0 = Release|Any CPU
		{685CBBDC-28AF-4B2E-89E4-C3C39B2867BD}.Release|x64.ActiveCfg = Release|Any CPU
		{685CBBDC-28AF-4B2E-89E4-C3C39B2867BD}.Release|x64.Build.0 = Release|Any CPU
		{685CBBDC-28AF-4B2E-89E4-C3C39B2867BD}.Release|x86.ActiveCfg = Release|Any CPU
		{685CBBDC-28AF-4B2E-89E4-C3C39B2867BD}.Release|x86.Build.0 = Release|Any CPU
		{BE1AEDA8-05C8-440B-BA08-47E61726D415}.Debug|Any CPU.ActiveCfg = Debug|Any CPU
		{BE1AEDA8-05C8-440B-BA08-47E61726D415}.Debug|Any CPU.Build.0 = Debug|Any CPU
		{BE1AEDA8-05C8-440B-BA08-47E61726D415}.Debug|x64.ActiveCfg = Debug|Any CPU
		{BE1AEDA8-05C8-440B-BA08-47E61726D415}.Debug|x64.Build.0 = Debug|Any CPU
		{BE1AEDA8-05C8-440B-BA08-47E61726D415}.Debug|x86.ActiveCfg = Debug|Any CPU
		{BE1AEDA8-05C8-440B-BA08-47E61726D415}.Debug|x86.Build.0 = Debug|Any CPU
		{BE1AEDA8-05C8-440B-BA08-47E61726D415}.Release|Any CPU.ActiveCfg = Release|Any CPU
		{BE1AEDA8-05C8-440B-BA08-47E61726D415}.Release|Any CPU.Build.0 = Release|Any CPU
		{BE1AEDA8-05C8-440B-BA08-47E61726D415}.Release|x64.ActiveCfg = Release|Any CPU
		{BE1AEDA8-05C8-440B-BA08-47E61726D415}.Release|x64.Build.0 = Release|Any CPU
		{BE1AEDA8-05C8-440B-BA08-47E61726D415}.Release|x86.ActiveCfg = Release|Any CPU
		{BE1AEDA8-05C8-440B-BA08-47E61726D415}.Release|x86.Build.0 = Release|Any CPU
		{ED6767E3-86D1-4AEC-876A-DBC733A3D1B5}.Debug|Any CPU.ActiveCfg = Debug|Any CPU
		{ED6767E3-86D1-4AEC-876A-DBC733A3D1B5}.Debug|Any CPU.Build.0 = Debug|Any CPU
		{ED6767E3-86D1-4AEC-876A-DBC733A3D1B5}.Debug|x64.ActiveCfg = Debug|Any CPU
		{ED6767E3-86D1-4AEC-876A-DBC733A3D1B5}.Debug|x64.Build.0 = Debug|Any CPU
		{ED6767E3-86D1-4AEC-876A-DBC733A3D1B5}.Debug|x86.ActiveCfg = Debug|Any CPU
		{ED6767E3-86D1-4AEC-876A-DBC733A3D1B5}.Debug|x86.Build.0 = Debug|Any CPU
		{ED6767E3-86D1-4AEC-876A-DBC733A3D1B5}.Release|Any CPU.ActiveCfg = Release|Any CPU
		{ED6767E3-86D1-4AEC-876A-DBC733A3D1B5}.Release|Any CPU.Build.0 = Release|Any CPU
		{ED6767E3-86D1-4AEC-876A-DBC733A3D1B5}.Release|x64.ActiveCfg = Release|Any CPU
		{ED6767E3-86D1-4AEC-876A-DBC733A3D1B5}.Release|x64.Build.0 = Release|Any CPU
		{ED6767E3-86D1-4AEC-876A-DBC733A3D1B5}.Release|x86.ActiveCfg = Release|Any CPU
		{ED6767E3-86D1-4AEC-876A-DBC733A3D1B5}.Release|x86.Build.0 = Release|Any CPU
		{C661AA91-7935-488B-8067-897025869E4E}.Debug|Any CPU.ActiveCfg = Debug|Any CPU
		{C661AA91-7935-488B-8067-897025869E4E}.Debug|Any CPU.Build.0 = Debug|Any CPU
		{C661AA91-7935-488B-8067-897025869E4E}.Debug|x64.ActiveCfg = Debug|Any CPU
		{C661AA91-7935-488B-8067-897025869E4E}.Debug|x64.Build.0 = Debug|Any CPU
		{C661AA91-7935-488B-8067-897025869E4E}.Debug|x86.ActiveCfg = Debug|Any CPU
		{C661AA91-7935-488B-8067-897025869E4E}.Debug|x86.Build.0 = Debug|Any CPU
		{C661AA91-7935-488B-8067-897025869E4E}.Release|Any CPU.ActiveCfg = Release|Any CPU
		{C661AA91-7935-488B-8067-897025869E4E}.Release|Any CPU.Build.0 = Release|Any CPU
		{C661AA91-7935-488B-8067-897025869E4E}.Release|x64.ActiveCfg = Release|Any CPU
		{C661AA91-7935-488B-8067-897025869E4E}.Release|x64.Build.0 = Release|Any CPU
		{C661AA91-7935-488B-8067-897025869E4E}.Release|x86.ActiveCfg = Release|Any CPU
		{C661AA91-7935-488B-8067-897025869E4E}.Release|x86.Build.0 = Release|Any CPU
		{8847AF50-BAFD-46AB-9132-FB5174BB5D53}.Debug|Any CPU.ActiveCfg = Debug|Any CPU
		{8847AF50-BAFD-46AB-9132-FB5174BB5D53}.Debug|Any CPU.Build.0 = Debug|Any CPU
		{8847AF50-BAFD-46AB-9132-FB5174BB5D53}.Debug|x64.ActiveCfg = Debug|Any CPU
		{8847AF50-BAFD-46AB-9132-FB5174BB5D53}.Debug|x64.Build.0 = Debug|Any CPU
		{8847AF50-BAFD-46AB-9132-FB5174BB5D53}.Debug|x86.ActiveCfg = Debug|Any CPU
		{8847AF50-BAFD-46AB-9132-FB5174BB5D53}.Debug|x86.Build.0 = Debug|Any CPU
		{8847AF50-BAFD-46AB-9132-FB5174BB5D53}.Release|Any CPU.ActiveCfg = Release|Any CPU
		{8847AF50-BAFD-46AB-9132-FB5174BB5D53}.Release|Any CPU.Build.0 = Release|Any CPU
		{8847AF50-BAFD-46AB-9132-FB5174BB5D53}.Release|x64.ActiveCfg = Release|Any CPU
		{8847AF50-BAFD-46AB-9132-FB5174BB5D53}.Release|x64.Build.0 = Release|Any CPU
		{8847AF50-BAFD-46AB-9132-FB5174BB5D53}.Release|x86.ActiveCfg = Release|Any CPU
		{8847AF50-BAFD-46AB-9132-FB5174BB5D53}.Release|x86.Build.0 = Release|Any CPU
	EndGlobalSection
	GlobalSection(SolutionProperties) = preSolution
		HideSolutionNode = FALSE
	EndGlobalSection
	GlobalSection(NestedProjects) = preSolution
		{585EEE3D-C805-47C1-9866-58531CC5EDF8} = {827E0CD3-B72D-47B6-A68D-7590B98EB39B}
		{685CBBDC-28AF-4B2E-89E4-C3C39B2867BD} = {827E0CD3-B72D-47B6-A68D-7590B98EB39B}
		{BE1AEDA8-05C8-440B-BA08-47E61726D415} = {827E0CD3-B72D-47B6-A68D-7590B98EB39B}
		{ED6767E3-86D1-4AEC-876A-DBC733A3D1B5} = {827E0CD3-B72D-47B6-A68D-7590B98EB39B}
		{C661AA91-7935-488B-8067-897025869E4E} = {827E0CD3-B72D-47B6-A68D-7590B98EB39B}
		{8847AF50-BAFD-46AB-9132-FB5174BB5D53} = {827E0CD3-B72D-47B6-A68D-7590B98EB39B}
	EndGlobalSection
EndGlobal
